// !$*UTF8*$!
{
	archiveVersion = 1;
	classes = {
	};
	objectVersion = 46;
	objects = {

/* Begin PBXBuildFile section */
		6ED828FC19909431009FE5C3 /* AppDelegate.swift in Sources */ = {isa = PBXBuildFile; fileRef = 6ED828FB19909431009FE5C3 /* AppDelegate.swift */; };
		6ED828FE19909431009FE5C3 /* ViewController.swift in Sources */ = {isa = PBXBuildFile; fileRef = 6ED828FD19909431009FE5C3 /* ViewController.swift */; };
		6ED8290119909431009FE5C3 /* Main.storyboard in Resources */ = {isa = PBXBuildFile; fileRef = 6ED828FF19909431009FE5C3 /* Main.storyboard */; };
		6ED8290319909431009FE5C3 /* Images.xcassets in Resources */ = {isa = PBXBuildFile; fileRef = 6ED8290219909431009FE5C3 /* Images.xcassets */; };
		6ED8290F19909431009FE5C3 /* UserDefaults2Tests.swift in Sources */ = {isa = PBXBuildFile; fileRef = 6ED8290E19909431009FE5C3 /* UserDefaults2Tests.swift */; };
		6ED829191990953D009FE5C3 /* Address.swift in Sources */ = {isa = PBXBuildFile; fileRef = 6ED829181990953D009FE5C3 /* Address.swift */; };
		6ED8291B19909545009FE5C3 /* Person.swift in Sources */ = {isa = PBXBuildFile; fileRef = 6ED8291A19909545009FE5C3 /* Person.swift */; };
/* End PBXBuildFile section */

/* Begin PBXContainerItemProxy section */
		6ED8290919909431009FE5C3 /* PBXContainerItemProxy */ = {
			isa = PBXContainerItemProxy;
			containerPortal = 6ED828EE19909431009FE5C3 /* Project object */;
			proxyType = 1;
			remoteGlobalIDString = 6ED828F519909431009FE5C3;
			remoteInfo = UserDefaults2;
		};
/* End PBXContainerItemProxy section */

/* Begin PBXFileReference section */
		6ED828F619909431009FE5C3 /* UserDefaults2.app */ = {isa = PBXFileReference; explicitFileType = wrapper.application; includeInIndex = 0; path = UserDefaults2.app; sourceTree = BUILT_PRODUCTS_DIR; };
		6ED828FA19909431009FE5C3 /* Info.plist */ = {isa = PBXFileReference; lastKnownFileType = text.plist.xml; path = Info.plist; sourceTree = "<group>"; };
		6ED828FB19909431009FE5C3 /* AppDelegate.swift */ = {isa = PBXFileReference; lastKnownFileType = sourcecode.swift; path = AppDelegate.swift; sourceTree = "<group>"; };
		6ED828FD19909431009FE5C3 /* ViewController.swift */ = {isa = PBXFileReference; lastKnownFileType = sourcecode.swift; path = ViewController.swift; sourceTree = "<group>"; };
		6ED8290019909431009FE5C3 /* Base */ = {isa = PBXFileReference; lastKnownFileType = file.storyboard; name = Base; path = Base.lproj/Main.storyboard; sourceTree = "<group>"; };
		6ED8290219909431009FE5C3 /* Images.xcassets */ = {isa = PBXFileReference; lastKnownFileType = folder.assetcatalog; path = Images.xcassets; sourceTree = "<group>"; };
		6ED8290819909431009FE5C3 /* UserDefaults2Tests.xctest */ = {isa = PBXFileReference; explicitFileType = wrapper.cfbundle; includeInIndex = 0; path = UserDefaults2Tests.xctest; sourceTree = BUILT_PRODUCTS_DIR; };
		6ED8290D19909431009FE5C3 /* Info.plist */ = {isa = PBXFileReference; lastKnownFileType = text.plist.xml; path = Info.plist; sourceTree = "<group>"; };
		6ED8290E19909431009FE5C3 /* UserDefaults2Tests.swift */ = {isa = PBXFileReference; lastKnownFileType = sourcecode.swift; path = UserDefaults2Tests.swift; sourceTree = "<group>"; };
		6ED829181990953D009FE5C3 /* Address.swift */ = {isa = PBXFileReference; fileEncoding = 4; lastKnownFileType = sourcecode.swift; path = Address.swift; sourceTree = "<group>"; };
		6ED8291A19909545009FE5C3 /* Person.swift */ = {isa = PBXFileReference; fileEncoding = 4; lastKnownFileType = sourcecode.swift; path = Person.swift; sourceTree = "<group>"; };
/* End PBXFileReference section */

/* Begin PBXFrameworksBuildPhase section */
		6ED828F319909431009FE5C3 /* Frameworks */ = {
			isa = PBXFrameworksBuildPhase;
			buildActionMask = 2147483647;
			files = (
			);
			runOnlyForDeploymentPostprocessing = 0;
		};
		6ED8290519909431009FE5C3 /* Frameworks */ = {
			isa = PBXFrameworksBuildPhase;
			buildActionMask = 2147483647;
			files = (
			);
			runOnlyForDeploymentPostprocessing = 0;
		};
/* End PBXFrameworksBuildPhase section */

/* Begin PBXGroup section */
		6ED828ED19909431009FE5C3 = {
			isa = PBXGroup;
			children = (
				6ED828F819909431009FE5C3 /* UserDefaults2 */,
				6ED8290B19909431009FE5C3 /* UserDefaults2Tests */,
				6ED828F719909431009FE5C3 /* Products */,
			);
			sourceTree = "<group>";
		};
		6ED828F719909431009FE5C3 /* Products */ = {
			isa = PBXGroup;
			children = (
				6ED828F619909431009FE5C3 /* UserDefaults2.app */,
				6ED8290819909431009FE5C3 /* UserDefaults2Tests.xctest */,
			);
			name = Products;
			sourceTree = "<group>";
		};
		6ED828F819909431009FE5C3 /* UserDefaults2 */ = {
			isa = PBXGroup;
			children = (
				6ED8291A19909545009FE5C3 /* Person.swift */,
				6ED829181990953D009FE5C3 /* Address.swift */,
				6ED828FB19909431009FE5C3 /* AppDelegate.swift */,
				6ED828FD19909431009FE5C3 /* ViewController.swift */,
				6ED828FF19909431009FE5C3 /* Main.storyboard */,
				6ED8290219909431009FE5C3 /* Images.xcassets */,
				6ED828F919909431009FE5C3 /* Supporting Files */,
			);
			path = UserDefaults2;
			sourceTree = "<group>";
		};
		6ED828F919909431009FE5C3 /* Supporting Files */ = {
			isa = PBXGroup;
			children = (
				6ED828FA19909431009FE5C3 /* Info.plist */,
			);
			name = "Supporting Files";
			sourceTree = "<group>";
		};
		6ED8290B19909431009FE5C3 /* UserDefaults2Tests */ = {
			isa = PBXGroup;
			children = (
				6ED8290E19909431009FE5C3 /* UserDefaults2Tests.swift */,
				6ED8290C19909431009FE5C3 /* Supporting Files */,
			);
			path = UserDefaults2Tests;
			sourceTree = "<group>";
		};
		6ED8290C19909431009FE5C3 /* Supporting Files */ = {
			isa = PBXGroup;
			children = (
				6ED8290D19909431009FE5C3 /* Info.plist */,
			);
			name = "Supporting Files";
			sourceTree = "<group>";
		};
/* End PBXGroup section */

/* Begin PBXNativeTarget section */
		6ED828F519909431009FE5C3 /* UserDefaults2 */ = {
			isa = PBXNativeTarget;
			buildConfigurationList = 6ED8291219909431009FE5C3 /* Build configuration list for PBXNativeTarget "UserDefaults2" */;
			buildPhases = (
				6ED828F219909431009FE5C3 /* Sources */,
				6ED828F319909431009FE5C3 /* Frameworks */,
				6ED828F419909431009FE5C3 /* Resources */,
			);
			buildRules = (
			);
			dependencies = (
			);
			name = UserDefaults2;
			productName = UserDefaults2;
			productReference = 6ED828F619909431009FE5C3 /* UserDefaults2.app */;
			productType = "com.apple.product-type.application";
		};
		6ED8290719909431009FE5C3 /* UserDefaults2Tests */ = {
			isa = PBXNativeTarget;
			buildConfigurationList = 6ED8291519909431009FE5C3 /* Build configuration list for PBXNativeTarget "UserDefaults2Tests" */;
			buildPhases = (
				6ED8290419909431009FE5C3 /* Sources */,
				6ED8290519909431009FE5C3 /* Frameworks */,
				6ED8290619909431009FE5C3 /* Resources */,
			);
			buildRules = (
			);
			dependencies = (
				6ED8290A19909431009FE5C3 /* PBXTargetDependency */,
			);
			name = UserDefaults2Tests;
			productName = UserDefaults2Tests;
			productReference = 6ED8290819909431009FE5C3 /* UserDefaults2Tests.xctest */;
			productType = "com.apple.product-type.bundle.unit-test";
		};
/* End PBXNativeTarget section */

/* Begin PBXProject section */
		6ED828EE19909431009FE5C3 /* Project object */ = {
			isa = PBXProject;
			attributes = {
				LastUpgradeCheck = 0600;
				ORGANIZATIONNAME = "taisuke fujita";
				TargetAttributes = {
					6ED828F519909431009FE5C3 = {
						CreatedOnToolsVersion = 6.0;
					};
					6ED8290719909431009FE5C3 = {
						CreatedOnToolsVersion = 6.0;
						TestTargetID = 6ED828F519909431009FE5C3;
					};
				};
			};
			buildConfigurationList = 6ED828F119909431009FE5C3 /* Build configuration list for PBXProject "UserDefaults2" */;
			compatibilityVersion = "Xcode 3.2";
			developmentRegion = English;
			hasScannedForEncodings = 0;
			knownRegions = (
				en,
				Base,
			);
			mainGroup = 6ED828ED19909431009FE5C3;
			productRefGroup = 6ED828F719909431009FE5C3 /* Products */;
			projectDirPath = "";
			projectRoot = "";
			targets = (
				6ED828F519909431009FE5C3 /* UserDefaults2 */,
				6ED8290719909431009FE5C3 /* UserDefaults2Tests */,
			);
		};
/* End PBXProject section */

/* Begin PBXResourcesBuildPhase section */
		6ED828F419909431009FE5C3 /* Resources */ = {
			isa = PBXResourcesBuildPhase;
			buildActionMask = 2147483647;
			files = (
				6ED8290119909431009FE5C3 /* Main.storyboard in Resources */,
				6ED8290319909431009FE5C3 /* Images.xcassets in Resources */,
			);
			runOnlyForDeploymentPostprocessing = 0;
		};
		6ED8290619909431009FE5C3 /* Resources */ = {
			isa = PBXResourcesBuildPhase;
			buildActionMask = 2147483647;
			files = (
			);
			runOnlyForDeploymentPostprocessing = 0;
		};
/* End PBXResourcesBuildPhase section */

/* Begin PBXSourcesBuildPhase section */
		6ED828F219909431009FE5C3 /* Sources */ = {
			isa = PBXSourcesBuildPhase;
			buildActionMask = 2147483647;
			files = (
				6ED829191990953D009FE5C3 /* Address.swift in Sources */,
				6ED828FE19909431009FE5C3 /* ViewController.swift in Sources */,
				6ED8291B19909545009FE5C3 /* Person.swift in Sources */,
				6ED828FC19909431009FE5C3 /* AppDelegate.swift in Sources */,
			);
			runOnlyForDeploymentPostprocessing = 0;
		};
		6ED8290419909431009FE5C3 /* Sources */ = {
			isa = PBXSourcesBuildPhase;
			buildActionMask = 2147483647;
			files = (
				6ED8290F19909431009FE5C3 /* UserDefaults2Tests.swift in Sources */,
			);
			runOnlyForDeploymentPostprocessing = 0;
		};
/* End PBXSourcesBuildPhase section */

/* Begin PBXTargetDependency section */
		6ED8290A19909431009FE5C3 /* PBXTargetDependency */ = {
			isa = PBXTargetDependency;
			target = 6ED828F519909431009FE5C3 /* UserDefaults2 */;
			targetProxy = 6ED8290919909431009FE5C3 /* PBXContainerItemProxy */;
		};
/* End PBXTargetDependency section */

/* Begin PBXVariantGroup section */
		6ED828FF19909431009FE5C3 /* Main.storyboard */ = {
			isa = PBXVariantGroup;
			children = (
				6ED8290019909431009FE5C3 /* Base */,
			);
			name = Main.storyboard;
			sourceTree = "<group>";
		};
/* End PBXVariantGroup section */

/* Begin XCBuildConfiguration section */
		6ED8291019909431009FE5C3 /* Debug */ = {
			isa = XCBuildConfiguration;
			buildSettings = {
				ALWAYS_SEARCH_USER_PATHS = NO;
				CLANG_CXX_LANGUAGE_STANDARD = "gnu++0x";
				CLANG_CXX_LIBRARY = "libc++";
				CLANG_ENABLE_MODULES = YES;
				CLANG_ENABLE_OBJC_ARC = YES;
				CLANG_WARN_BOOL_CONVERSION = YES;
				CLANG_WARN_CONSTANT_CONVERSION = YES;
				CLANG_WARN_DIRECT_OBJC_ISA_USAGE = YES_ERROR;
				CLANG_WARN_EMPTY_BODY = YES;
				CLANG_WARN_ENUM_CONVERSION = YES;
				CLANG_WARN_INT_CONVERSION = YES;
				CLANG_WARN_OBJC_ROOT_CLASS = YES_ERROR;
				CLANG_WARN_UNREACHABLE_CODE = YES;
				CLANG_WARN__DUPLICATE_METHOD_MATCH = YES;
				"CODE_SIGN_IDENTITY[sdk=iphoneos*]" = "iPhone Developer";
				COPY_PHASE_STRIP = NO;
				ENABLE_STRICT_OBJC_MSGSEND = YES;
				GCC_C_LANGUAGE_STANDARD = gnu99;
				GCC_DYNAMIC_NO_PIC = NO;
				GCC_OPTIMIZATION_LEVEL = 0;
				GCC_PREPROCESSOR_DEFINITIONS = (
					"DEBUG=1",
					"$(inherited)",
				);
				GCC_SYMBOLS_PRIVATE_EXTERN = NO;
				GCC_WARN_64_TO_32_BIT_CONVERSION = YES;
				GCC_WARN_ABOUT_RETURN_TYPE = YES_ERROR;
				GCC_WARN_UNDECLARED_SELECTOR = YES;
				GCC_WARN_UNINITIALIZED_AUTOS = YES_AGGRESSIVE;
				GCC_WARN_UNUSED_FUNCTION = YES;
				GCC_WARN_UNUSED_VARIABLE = YES;
				IPHONEOS_DEPLOYMENT_TARGET = 8.0;
				MTL_ENABLE_DEBUG_INFO = YES;
				ONLY_ACTIVE_ARCH = YES;
				SDKROOT = iphoneos;
				SWIFT_OPTIMIZATION_LEVEL = "-Onone";
			};
			name = Debug;
		};
		6ED8291119909431009FE5C3 /* Release */ = {
			isa = XCBuildConfiguration;
			buildSettings = {
				ALWAYS_SEARCH_USER_PATHS = NO;
				CLANG_CXX_LANGUAGE_STANDARD = "gnu++0x";
				CLANG_CXX_LIBRARY = "libc++";
				CLANG_ENABLE_MODULES = YES;
				CLANG_ENABLE_OBJC_ARC = YES;
				CLANG_WARN_BOOL_CONVERSION = YES;
				CLANG_WARN_CONSTANT_CONVERSION = YES;
				CLANG_WARN_DIRECT_OBJC_ISA_USAGE = YES_ERROR;
				CLANG_WARN_EMPTY_BODY = YES;
				CLANG_WARN_ENUM_CONVERSION = YES;
				CLANG_WARN_INT_CONVERSION = YES;
				CLANG_WARN_OBJC_ROOT_CLASS = YES_ERROR;
				CLANG_WARN_UNREACHABLE_CODE = YES;
				CLANG_WARN__DUPLICATE_METHOD_MATCH = YES;
				"CODE_SIGN_IDENTITY[sdk=iphoneos*]" = "iPhone Developer";
				COPY_PHASE_STRIP = YES;
				ENABLE_NS_ASSERTIONS = NO;
				ENABLE_STRICT_OBJC_MSGSEND = YES;
				GCC_C_LANGUAGE_STANDARD = gnu99;
				GCC_WARN_64_TO_32_BIT_CONVERSION = YES;
				GCC_WARN_ABOUT_RETURN_TYPE = YES_ERROR;
				GCC_WARN_UNDECLARED_SELECTOR = YES;
				GCC_WARN_UNINITIALIZED_AUTOS = YES_AGGRESSIVE;
				GCC_WARN_UNUSED_FUNCTION = YES;
				GCC_WARN_UNUSED_VARIABLE = YES;
				IPHONEOS_DEPLOYMENT_TARGET = 8.0;
				MTL_ENABLE_DEBUG_INFO = NO;
				SDKROOT = iphoneos;
				VALIDATE_PRODUCT = YES;
			};
			name = Release;
		};
		6ED8291319909431009FE5C3 /* Debug */ = {
			isa = XCBuildConfiguration;
			buildSettings = {
				ASSETCATALOG_COMPILER_APPICON_NAME = AppIcon;
				ASSETCATALOG_COMPILER_LAUNCHIMAGE_NAME = LaunchImage;
				INFOPLIST_FILE = UserDefaults2/Info.plist;
				LD_RUNPATH_SEARCH_PATHS = "$(inherited) @executable_path/Frameworks";
				PRODUCT_NAME = "$(TARGET_NAME)";
			};
			name = Debug;
		};
		6ED8291419909431009FE5C3 /* Release */ = {
			isa = XCBuildConfiguration;
			buildSettings = {
				ASSETCATALOG_COMPILER_APPICON_NAME = AppIcon;
				ASSETCATALOG_COMPILER_LAUNCHIMAGE_NAME = LaunchImage;
				INFOPLIST_FILE = UserDefaults2/Info.plist;
				LD_RUNPATH_SEARCH_PATHS = "$(inherited) @executable_path/Frameworks";
				PRODUCT_NAME = "$(TARGET_NAME)";
			};
			name = Release;
		};
		6ED8291619909431009FE5C3 /* Debug */ = {
			isa = XCBuildConfiguration;
			buildSettings = {
				BUNDLE_LOADER = "$(BUILT_PRODUCTS_DIR)/UserDefaults2.app/UserDefaults2";
				FRAMEWORK_SEARCH_PATHS = (
					"$(SDKROOT)/Developer/Library/Frameworks",
					"$(inherited)",
				);
				GCC_PREPROCESSOR_DEFINITIONS = (
					"DEBUG=1",
					"$(inherited)",
				);
				INFOPLIST_FILE = UserDefaults2Tests/Info.plist;
				LD_RUNPATH_SEARCH_PATHS = "$(inherited) @executable_path/Frameworks @loader_path/Frameworks";
				PRODUCT_NAME = "$(TARGET_NAME)";
				TEST_HOST = "$(BUNDLE_LOADER)";
			};
			name = Debug;
		};
		6ED8291719909431009FE5C3 /* Release */ = {
			isa = XCBuildConfiguration;
			buildSettings = {
				BUNDLE_LOADER = "$(BUILT_PRODUCTS_DIR)/UserDefaults2.app/UserDefaults2";
				FRAMEWORK_SEARCH_PATHS = (
					"$(SDKROOT)/Developer/Library/Frameworks",
					"$(inherited)",
				);
				INFOPLIST_FILE = UserDefaults2Tests/Info.plist;
				LD_RUNPATH_SEARCH_PATHS = "$(inherited) @executable_path/Frameworks @loader_path/Frameworks";
				PRODUCT_NAME = "$(TARGET_NAME)";
				TEST_HOST = "$(BUNDLE_LOADER)";
			};
			name = Release;
		};
/* End XCBuildConfiguration section */

/* Begin XCConfigurationList section */
		6ED828F119909431009FE5C3 /* Build configuration list for PBXProject "UserDefaults2" */ = {
			isa = XCConfigurationList;
			buildConfigurations = (
				6ED8291019909431009FE5C3 /* Debug */,
				6ED8291119909431009FE5C3 /* Release */,
			);
			defaultConfigurationIsVisible = 0;
			defaultConfigurationName = Release;
		};
		6ED8291219909431009FE5C3 /* Build configuration list for PBXNativeTarget "UserDefaults2" */ = {
			isa = XCConfigurationList;
			buildConfigurations = (
				6ED8291319909431009FE5C3 /* Debug */,
				6ED8291419909431009FE5C3 /* Release */,
			);
			defaultConfigurationIsVisible = 0;
		};
		6ED8291519909431009FE5C3 /* Build configuration list for PBXNativeTarget "UserDefaults2Tests" */ = {
			isa = XCConfigurationList;
			buildConfigurations = (
				6ED8291619909431009FE5C3 /* Debug */,
				6ED8291719909431009FE5C3 /* Release */,
			);
			defaultConfigurationIsVisible = 0;
		};
/* End XCConfigurationList section */
	};
	rootObject = 6ED828EE19909431009FE5C3 /* Project object */;
}
