// !$*UTF8*$!
{
	archiveVersion = 1;
	classes = {
	};
	objectVersion = 46;
	objects = {

/* Begin PBXBuildFile section */
		6EF373251968299E00380397 /* AppDelegate.swift in Sources */ = {isa = PBXBuildFile; fileRef = 6EF373241968299E00380397 /* AppDelegate.swift */; };
		6EF373271968299E00380397 /* ViewController.swift in Sources */ = {isa = PBXBuildFile; fileRef = 6EF373261968299E00380397 /* ViewController.swift */; };
		6EF3732A1968299E00380397 /* Main.storyboard in Resources */ = {isa = PBXBuildFile; fileRef = 6EF373281968299E00380397 /* Main.storyboard */; };
		6EF3732C1968299E00380397 /* Images.xcassets in Resources */ = {isa = PBXBuildFile; fileRef = 6EF3732B1968299E00380397 /* Images.xcassets */; };
		6EF373381968299E00380397 /* FilePathTests.swift in Sources */ = {isa = PBXBuildFile; fileRef = 6EF373371968299E00380397 /* FilePathTests.swift */; };
/* End PBXBuildFile section */

/* Begin PBXContainerItemProxy section */
		6EF373321968299E00380397 /* PBXContainerItemProxy */ = {
			isa = PBXContainerItemProxy;
			containerPortal = 6EF373171968299E00380397 /* Project object */;
			proxyType = 1;
			remoteGlobalIDString = 6EF3731E1968299E00380397;
			remoteInfo = FilePath;
		};
/* End PBXContainerItemProxy section */

/* Begin PBXFileReference section */
		6EF3731F1968299E00380397 /* FilePath.app */ = {isa = PBXFileReference; explicitFileType = wrapper.application; includeInIndex = 0; path = FilePath.app; sourceTree = BUILT_PRODUCTS_DIR; };
		6EF373231968299E00380397 /* Info.plist */ = {isa = PBXFileReference; lastKnownFileType = text.plist.xml; path = Info.plist; sourceTree = "<group>"; };
		6EF373241968299E00380397 /* AppDelegate.swift */ = {isa = PBXFileReference; lastKnownFileType = sourcecode.swift; path = AppDelegate.swift; sourceTree = "<group>"; };
		6EF373261968299E00380397 /* ViewController.swift */ = {isa = PBXFileReference; lastKnownFileType = sourcecode.swift; path = ViewController.swift; sourceTree = "<group>"; };
		6EF373291968299E00380397 /* Base */ = {isa = PBXFileReference; lastKnownFileType = file.storyboard; name = Base; path = Base.lproj/Main.storyboard; sourceTree = "<group>"; };
		6EF3732B1968299E00380397 /* Images.xcassets */ = {isa = PBXFileReference; lastKnownFileType = folder.assetcatalog; path = Images.xcassets; sourceTree = "<group>"; };
		6EF373311968299E00380397 /* FilePathTests.xctest */ = {isa = PBXFileReference; explicitFileType = wrapper.cfbundle; includeInIndex = 0; path = FilePathTests.xctest; sourceTree = BUILT_PRODUCTS_DIR; };
		6EF373361968299E00380397 /* Info.plist */ = {isa = PBXFileReference; lastKnownFileType = text.plist.xml; path = Info.plist; sourceTree = "<group>"; };
		6EF373371968299E00380397 /* FilePathTests.swift */ = {isa = PBXFileReference; lastKnownFileType = sourcecode.swift; path = FilePathTests.swift; sourceTree = "<group>"; };
/* End PBXFileReference section */

/* Begin PBXFrameworksBuildPhase section */
		6EF3731C1968299E00380397 /* Frameworks */ = {
			isa = PBXFrameworksBuildPhase;
			buildActionMask = 2147483647;
			files = (
			);
			runOnlyForDeploymentPostprocessing = 0;
		};
		6EF3732E1968299E00380397 /* Frameworks */ = {
			isa = PBXFrameworksBuildPhase;
			buildActionMask = 2147483647;
			files = (
			);
			runOnlyForDeploymentPostprocessing = 0;
		};
/* End PBXFrameworksBuildPhase section */

/* Begin PBXGroup section */
		6EF373161968299E00380397 = {
			isa = PBXGroup;
			children = (
				6EF373211968299E00380397 /* FilePath */,
				6EF373341968299E00380397 /* FilePathTests */,
				6EF373201968299E00380397 /* Products */,
			);
			sourceTree = "<group>";
		};
		6EF373201968299E00380397 /* Products */ = {
			isa = PBXGroup;
			children = (
				6EF3731F1968299E00380397 /* FilePath.app */,
				6EF373311968299E00380397 /* FilePathTests.xctest */,
			);
			name = Products;
			sourceTree = "<group>";
		};
		6EF373211968299E00380397 /* FilePath */ = {
			isa = PBXGroup;
			children = (
				6EF373241968299E00380397 /* AppDelegate.swift */,
				6EF373261968299E00380397 /* ViewController.swift */,
				6EF373281968299E00380397 /* Main.storyboard */,
				6EF3732B1968299E00380397 /* Images.xcassets */,
				6EF373221968299E00380397 /* Supporting Files */,
			);
			path = FilePath;
			sourceTree = "<group>";
		};
		6EF373221968299E00380397 /* Supporting Files */ = {
			isa = PBXGroup;
			children = (
				6EF373231968299E00380397 /* Info.plist */,
			);
			name = "Supporting Files";
			sourceTree = "<group>";
		};
		6EF373341968299E00380397 /* FilePathTests */ = {
			isa = PBXGroup;
			children = (
				6EF373371968299E00380397 /* FilePathTests.swift */,
				6EF373351968299E00380397 /* Supporting Files */,
			);
			path = FilePathTests;
			sourceTree = "<group>";
		};
		6EF373351968299E00380397 /* Supporting Files */ = {
			isa = PBXGroup;
			children = (
				6EF373361968299E00380397 /* Info.plist */,
			);
			name = "Supporting Files";
			sourceTree = "<group>";
		};
/* End PBXGroup section */

/* Begin PBXNativeTarget section */
		6EF3731E1968299E00380397 /* FilePath */ = {
			isa = PBXNativeTarget;
			buildConfigurationList = 6EF3733B1968299E00380397 /* Build configuration list for PBXNativeTarget "FilePath" */;
			buildPhases = (
				6EF3731B1968299E00380397 /* Sources */,
				6EF3731C1968299E00380397 /* Frameworks */,
				6EF3731D1968299E00380397 /* Resources */,
			);
			buildRules = (
			);
			dependencies = (
			);
			name = FilePath;
			productName = FilePath;
			productReference = 6EF3731F1968299E00380397 /* FilePath.app */;
			productType = "com.apple.product-type.application";
		};
		6EF373301968299E00380397 /* FilePathTests */ = {
			isa = PBXNativeTarget;
			buildConfigurationList = 6EF3733E1968299E00380397 /* Build configuration list for PBXNativeTarget "FilePathTests" */;
			buildPhases = (
				6EF3732D1968299E00380397 /* Sources */,
				6EF3732E1968299E00380397 /* Frameworks */,
				6EF3732F1968299E00380397 /* Resources */,
			);
			buildRules = (
			);
			dependencies = (
				6EF373331968299E00380397 /* PBXTargetDependency */,
			);
			name = FilePathTests;
			productName = FilePathTests;
			productReference = 6EF373311968299E00380397 /* FilePathTests.xctest */;
			productType = "com.apple.product-type.bundle.unit-test";
		};
/* End PBXNativeTarget section */

/* Begin PBXProject section */
		6EF373171968299E00380397 /* Project object */ = {
			isa = PBXProject;
			attributes = {
				LastUpgradeCheck = 0600;
				ORGANIZATIONNAME = "taisuke fujita";
				TargetAttributes = {
					6EF3731E1968299E00380397 = {
						CreatedOnToolsVersion = 6.0;
					};
					6EF373301968299E00380397 = {
						CreatedOnToolsVersion = 6.0;
						TestTargetID = 6EF3731E1968299E00380397;
					};
				};
			};
			buildConfigurationList = 6EF3731A1968299E00380397 /* Build configuration list for PBXProject "FilePath" */;
			compatibilityVersion = "Xcode 3.2";
			developmentRegion = English;
			hasScannedForEncodings = 0;
			knownRegions = (
				en,
				Base,
			);
			mainGroup = 6EF373161968299E00380397;
			productRefGroup = 6EF373201968299E00380397 /* Products */;
			projectDirPath = "";
			projectRoot = "";
			targets = (
				6EF3731E1968299E00380397 /* FilePath */,
				6EF373301968299E00380397 /* FilePathTests */,
			);
		};
/* End PBXProject section */

/* Begin PBXResourcesBuildPhase section */
		6EF3731D1968299E00380397 /* Resources */ = {
			isa = PBXResourcesBuildPhase;
			buildActionMask = 2147483647;
			files = (
				6EF3732A1968299E00380397 /* Main.storyboard in Resources */,
				6EF3732C1968299E00380397 /* Images.xcassets in Resources */,
			);
			runOnlyForDeploymentPostprocessing = 0;
		};
		6EF3732F1968299E00380397 /* Resources */ = {
			isa = PBXResourcesBuildPhase;
			buildActionMask = 2147483647;
			files = (
			);
			runOnlyForDeploymentPostprocessing = 0;
		};
/* End PBXResourcesBuildPhase section */

/* Begin PBXSourcesBuildPhase section */
		6EF3731B1968299E00380397 /* Sources */ = {
			isa = PBXSourcesBuildPhase;
			buildActionMask = 2147483647;
			files = (
				6EF373271968299E00380397 /* ViewController.swift in Sources */,
				6EF373251968299E00380397 /* AppDelegate.swift in Sources */,
			);
			runOnlyForDeploymentPostprocessing = 0;
		};
		6EF3732D1968299E00380397 /* Sources */ = {
			isa = PBXSourcesBuildPhase;
			buildActionMask = 2147483647;
			files = (
				6EF373381968299E00380397 /* FilePathTests.swift in Sources */,
			);
			runOnlyForDeploymentPostprocessing = 0;
		};
/* End PBXSourcesBuildPhase section */

/* Begin PBXTargetDependency section */
		6EF373331968299E00380397 /* PBXTargetDependency */ = {
			isa = PBXTargetDependency;
			target = 6EF3731E1968299E00380397 /* FilePath */;
			targetProxy = 6EF373321968299E00380397 /* PBXContainerItemProxy */;
		};
/* End PBXTargetDependency section */

/* Begin PBXVariantGroup section */
		6EF373281968299E00380397 /* Main.storyboard */ = {
			isa = PBXVariantGroup;
			children = (
				6EF373291968299E00380397 /* Base */,
			);
			name = Main.storyboard;
			sourceTree = "<group>";
		};
/* End PBXVariantGroup section */

/* Begin XCBuildConfiguration section */
		6EF373391968299E00380397 /* Debug */ = {
			isa = XCBuildConfiguration;
			buildSettings = {
				ALWAYS_SEARCH_USER_PATHS = NO;
				CLANG_CXX_LANGUAGE_STANDARD = "gnu++0x";
				CLANG_CXX_LIBRARY = "libc++";
				CLANG_ENABLE_MODULES = YES;
				CLANG_ENABLE_OBJC_ARC = YES;
				CLANG_WARN_BOOL_CONVERSION = YES;
				CLANG_WARN_CONSTANT_CONVERSION = YES;
				CLANG_WARN_DIRECT_OBJC_ISA_USAGE = YES_ERROR;
				CLANG_WARN_EMPTY_BODY = YES;
				CLANG_WARN_ENUM_CONVERSION = YES;
				CLANG_WARN_INT_CONVERSION = YES;
				CLANG_WARN_OBJC_ROOT_CLASS = YES_ERROR;
				CLANG_WARN_UNREACHABLE_CODE = YES;
				CLANG_WARN__DUPLICATE_METHOD_MATCH = YES;
				"CODE_SIGN_IDENTITY[sdk=iphoneos*]" = "iPhone Developer";
				COPY_PHASE_STRIP = NO;
				ENABLE_STRICT_OBJC_MSGSEND = YES;
				GCC_C_LANGUAGE_STANDARD = gnu99;
				GCC_DYNAMIC_NO_PIC = NO;
				GCC_OPTIMIZATION_LEVEL = 0;
				GCC_PREPROCESSOR_DEFINITIONS = (
					"DEBUG=1",
					"$(inherited)",
				);
				GCC_SYMBOLS_PRIVATE_EXTERN = NO;
				GCC_WARN_64_TO_32_BIT_CONVERSION = YES;
				GCC_WARN_ABOUT_RETURN_TYPE = YES_ERROR;
				GCC_WARN_UNDECLARED_SELECTOR = YES;
				GCC_WARN_UNINITIALIZED_AUTOS = YES_AGGRESSIVE;
				GCC_WARN_UNUSED_FUNCTION = YES;
				GCC_WARN_UNUSED_VARIABLE = YES;
				IPHONEOS_DEPLOYMENT_TARGET = 8.0;
				METAL_ENABLE_DEBUG_INFO = YES;
				ONLY_ACTIVE_ARCH = YES;
				SDKROOT = iphoneos;
				SWIFT_OPTIMIZATION_LEVEL = "-Onone";
			};
			name = Debug;
		};
		6EF3733A1968299E00380397 /* Release */ = {
			isa = XCBuildConfiguration;
			buildSettings = {
				ALWAYS_SEARCH_USER_PATHS = NO;
				CLANG_CXX_LANGUAGE_STANDARD = "gnu++0x";
				CLANG_CXX_LIBRARY = "libc++";
				CLANG_ENABLE_MODULES = YES;
				CLANG_ENABLE_OBJC_ARC = YES;
				CLANG_WARN_BOOL_CONVERSION = YES;
				CLANG_WARN_CONSTANT_CONVERSION = YES;
				CLANG_WARN_DIRECT_OBJC_ISA_USAGE = YES_ERROR;
				CLANG_WARN_EMPTY_BODY = YES;
				CLANG_WARN_ENUM_CONVERSION = YES;
				CLANG_WARN_INT_CONVERSION = YES;
				CLANG_WARN_OBJC_ROOT_CLASS = YES_ERROR;
				CLANG_WARN_UNREACHABLE_CODE = YES;
				CLANG_WARN__DUPLICATE_METHOD_MATCH = YES;
				"CODE_SIGN_IDENTITY[sdk=iphoneos*]" = "iPhone Developer";
				COPY_PHASE_STRIP = YES;
				ENABLE_NS_ASSERTIONS = NO;
				ENABLE_STRICT_OBJC_MSGSEND = YES;
				GCC_C_LANGUAGE_STANDARD = gnu99;
				GCC_WARN_64_TO_32_BIT_CONVERSION = YES;
				GCC_WARN_ABOUT_RETURN_TYPE = YES_ERROR;
				GCC_WARN_UNDECLARED_SELECTOR = YES;
				GCC_WARN_UNINITIALIZED_AUTOS = YES_AGGRESSIVE;
				GCC_WARN_UNUSED_FUNCTION = YES;
				GCC_WARN_UNUSED_VARIABLE = YES;
				IPHONEOS_DEPLOYMENT_TARGET = 8.0;
				METAL_ENABLE_DEBUG_INFO = NO;
				SDKROOT = iphoneos;
				VALIDATE_PRODUCT = YES;
			};
			name = Release;
		};
		6EF3733C1968299E00380397 /* Debug */ = {
			isa = XCBuildConfiguration;
			buildSettings = {
				ASSETCATALOG_COMPILER_APPICON_NAME = AppIcon;
				ASSETCATALOG_COMPILER_LAUNCHIMAGE_NAME = LaunchImage;
				INFOPLIST_FILE = FilePath/Info.plist;
				LD_RUNPATH_SEARCH_PATHS = "$(inherited) @executable_path/Frameworks";
				PRODUCT_NAME = "$(TARGET_NAME)";
			};
			name = Debug;
		};
		6EF3733D1968299E00380397 /* Release */ = {
			isa = XCBuildConfiguration;
			buildSettings = {
				ASSETCATALOG_COMPILER_APPICON_NAME = AppIcon;
				ASSETCATALOG_COMPILER_LAUNCHIMAGE_NAME = LaunchImage;
				INFOPLIST_FILE = FilePath/Info.plist;
				LD_RUNPATH_SEARCH_PATHS = "$(inherited) @executable_path/Frameworks";
				PRODUCT_NAME = "$(TARGET_NAME)";
			};
			name = Release;
		};
		6EF3733F1968299E00380397 /* Debug */ = {
			isa = XCBuildConfiguration;
			buildSettings = {
				BUNDLE_LOADER = "$(BUILT_PRODUCTS_DIR)/FilePath.app/FilePath";
				FRAMEWORK_SEARCH_PATHS = (
					"$(SDKROOT)/Developer/Library/Frameworks",
					"$(inherited)",
				);
				GCC_PREPROCESSOR_DEFINITIONS = (
					"DEBUG=1",
					"$(inherited)",
				);
				INFOPLIST_FILE = FilePathTests/Info.plist;
				LD_RUNPATH_SEARCH_PATHS = "$(inherited) @executable_path/Frameworks @loader_path/Frameworks";
				METAL_ENABLE_DEBUG_INFO = YES;
				PRODUCT_NAME = "$(TARGET_NAME)";
				TEST_HOST = "$(BUNDLE_LOADER)";
			};
			name = Debug;
		};
		6EF373401968299E00380397 /* Release */ = {
			isa = XCBuildConfiguration;
			buildSettings = {
				BUNDLE_LOADER = "$(BUILT_PRODUCTS_DIR)/FilePath.app/FilePath";
				FRAMEWORK_SEARCH_PATHS = (
					"$(SDKROOT)/Developer/Library/Frameworks",
					"$(inherited)",
				);
				INFOPLIST_FILE = FilePathTests/Info.plist;
				LD_RUNPATH_SEARCH_PATHS = "$(inherited) @executable_path/Frameworks @loader_path/Frameworks";
				METAL_ENABLE_DEBUG_INFO = NO;
				PRODUCT_NAME = "$(TARGET_NAME)";
				TEST_HOST = "$(BUNDLE_LOADER)";
			};
			name = Release;
		};
/* End XCBuildConfiguration section */

/* Begin XCConfigurationList section */
		6EF3731A1968299E00380397 /* Build configuration list for PBXProject "FilePath" */ = {
			isa = XCConfigurationList;
			buildConfigurations = (
				6EF373391968299E00380397 /* Debug */,
				6EF3733A1968299E00380397 /* Release */,
			);
			defaultConfigurationIsVisible = 0;
			defaultConfigurationName = Release;
		};
		6EF3733B1968299E00380397 /* Build configuration list for PBXNativeTarget "FilePath" */ = {
			isa = XCConfigurationList;
			buildConfigurations = (
				6EF3733C1968299E00380397 /* Debug */,
				6EF3733D1968299E00380397 /* Release */,
			);
			defaultConfigurationIsVisible = 0;
		};
		6EF3733E1968299E00380397 /* Build configuration list for PBXNativeTarget "FilePathTests" */ = {
			isa = XCConfigurationList;
			buildConfigurations = (
				6EF3733F1968299E00380397 /* Debug */,
				6EF373401968299E00380397 /* Release */,
			);
			defaultConfigurationIsVisible = 0;
		};
/* End XCConfigurationList section */
	};
	rootObject = 6EF373171968299E00380397 /* Project object */;
}
