// !$*UTF8*$!
{
	archiveVersion = 1;
	classes = {
	};
	objectVersion = 46;
	objects = {

/* Begin PBXBuildFile section */
		6E143F101660B6B30099DD69 /* ModalViewController.m in Sources */ = {isa = PBXBuildFile; fileRef = 6E143F0F1660B6B30099DD69 /* ModalViewController.m */; };
		6E2AC0551571CD3200131494 /* UIKit.framework in Frameworks */ = {isa = PBXBuildFile; fileRef = 6E2AC0541571CD3200131494 /* UIKit.framework */; };
		6E2AC0571571CD3200131494 /* Foundation.framework in Frameworks */ = {isa = PBXBuildFile; fileRef = 6E2AC0561571CD3200131494 /* Foundation.framework */; };
		6E2AC0591571CD3200131494 /* CoreGraphics.framework in Frameworks */ = {isa = PBXBuildFile; fileRef = 6E2AC0581571CD3200131494 /* CoreGraphics.framework */; };
		6E2AC05F1571CD3200131494 /* InfoPlist.strings in Resources */ = {isa = PBXBuildFile; fileRef = 6E2AC05D1571CD3200131494 /* InfoPlist.strings */; };
		6E2AC0611571CD3200131494 /* main.m in Sources */ = {isa = PBXBuildFile; fileRef = 6E2AC0601571CD3200131494 /* main.m */; };
		6E2AC0651571CD3200131494 /* AppDelegate.m in Sources */ = {isa = PBXBuildFile; fileRef = 6E2AC0641571CD3200131494 /* AppDelegate.m */; };
		6E2AC0681571CD3200131494 /* MainStoryboard_iPhone.storyboard in Resources */ = {isa = PBXBuildFile; fileRef = 6E2AC0661571CD3200131494 /* MainStoryboard_iPhone.storyboard */; };
		6E2AC06B1571CD3200131494 /* MainStoryboard_iPad.storyboard in Resources */ = {isa = PBXBuildFile; fileRef = 6E2AC0691571CD3200131494 /* MainStoryboard_iPad.storyboard */; };
		6E2AC06E1571CD3200131494 /* ViewController.m in Sources */ = {isa = PBXBuildFile; fileRef = 6E2AC06D1571CD3200131494 /* ViewController.m */; };
/* End PBXBuildFile section */

/* Begin PBXFileReference section */
		6E143F0E1660B6B30099DD69 /* ModalViewController.h */ = {isa = PBXFileReference; fileEncoding = 4; lastKnownFileType = sourcecode.c.h; path = ModalViewController.h; sourceTree = "<group>"; };
		6E143F0F1660B6B30099DD69 /* ModalViewController.m */ = {isa = PBXFileReference; fileEncoding = 4; lastKnownFileType = sourcecode.c.objc; path = ModalViewController.m; sourceTree = "<group>"; };
		6E2AC0501571CD3200131494 /* MyFirstApp.app */ = {isa = PBXFileReference; explicitFileType = wrapper.application; includeInIndex = 0; path = MyFirstApp.app; sourceTree = BUILT_PRODUCTS_DIR; };
		6E2AC0541571CD3200131494 /* UIKit.framework */ = {isa = PBXFileReference; lastKnownFileType = wrapper.framework; name = UIKit.framework; path = System/Library/Frameworks/UIKit.framework; sourceTree = SDKROOT; };
		6E2AC0561571CD3200131494 /* Foundation.framework */ = {isa = PBXFileReference; lastKnownFileType = wrapper.framework; name = Foundation.framework; path = System/Library/Frameworks/Foundation.framework; sourceTree = SDKROOT; };
		6E2AC0581571CD3200131494 /* CoreGraphics.framework */ = {isa = PBXFileReference; lastKnownFileType = wrapper.framework; name = CoreGraphics.framework; path = System/Library/Frameworks/CoreGraphics.framework; sourceTree = SDKROOT; };
		6E2AC05C1571CD3200131494 /* MyFirstApp-Info.plist */ = {isa = PBXFileReference; lastKnownFileType = text.plist.xml; path = "MyFirstApp-Info.plist"; sourceTree = "<group>"; };
		6E2AC05E1571CD3200131494 /* en */ = {isa = PBXFileReference; lastKnownFileType = text.plist.strings; name = en; path = en.lproj/InfoPlist.strings; sourceTree = "<group>"; };
		6E2AC0601571CD3200131494 /* main.m */ = {isa = PBXFileReference; lastKnownFileType = sourcecode.c.objc; path = main.m; sourceTree = "<group>"; };
		6E2AC0621571CD3200131494 /* MyFirstApp-Prefix.pch */ = {isa = PBXFileReference; lastKnownFileType = sourcecode.c.h; path = "MyFirstApp-Prefix.pch"; sourceTree = "<group>"; };
		6E2AC0631571CD3200131494 /* AppDelegate.h */ = {isa = PBXFileReference; lastKnownFileType = sourcecode.c.h; path = AppDelegate.h; sourceTree = "<group>"; };
		6E2AC0641571CD3200131494 /* AppDelegate.m */ = {isa = PBXFileReference; lastKnownFileType = sourcecode.c.objc; path = AppDelegate.m; sourceTree = "<group>"; };
		6E2AC0671571CD3200131494 /* en */ = {isa = PBXFileReference; lastKnownFileType = file.storyboard; name = en; path = en.lproj/MainStoryboard_iPhone.storyboard; sourceTree = "<group>"; };
		6E2AC06A1571CD3200131494 /* en */ = {isa = PBXFileReference; lastKnownFileType = file.storyboard; name = en; path = en.lproj/MainStoryboard_iPad.storyboard; sourceTree = "<group>"; };
		6E2AC06C1571CD3200131494 /* ViewController.h */ = {isa = PBXFileReference; lastKnownFileType = sourcecode.c.h; path = ViewController.h; sourceTree = "<group>"; };
		6E2AC06D1571CD3200131494 /* ViewController.m */ = {isa = PBXFileReference; lastKnownFileType = sourcecode.c.objc; path = ViewController.m; sourceTree = "<group>"; };
/* End PBXFileReference section */

/* Begin PBXFrameworksBuildPhase section */
		6E2AC04D1571CD3200131494 /* Frameworks */ = {
			isa = PBXFrameworksBuildPhase;
			buildActionMask = 2147483647;
			files = (
				6E2AC0551571CD3200131494 /* UIKit.framework in Frameworks */,
				6E2AC0571571CD3200131494 /* Foundation.framework in Frameworks */,
				6E2AC0591571CD3200131494 /* CoreGraphics.framework in Frameworks */,
			);
			runOnlyForDeploymentPostprocessing = 0;
		};
/* End PBXFrameworksBuildPhase section */

/* Begin PBXGroup section */
		6E2AC0451571CD3200131494 = {
			isa = PBXGroup;
			children = (
				6E2AC05A1571CD3200131494 /* MyFirstApp */,
				6E2AC0531571CD3200131494 /* Frameworks */,
				6E2AC0511571CD3200131494 /* Products */,
			);
			sourceTree = "<group>";
		};
		6E2AC0511571CD3200131494 /* Products */ = {
			isa = PBXGroup;
			children = (
				6E2AC0501571CD3200131494 /* MyFirstApp.app */,
			);
			name = Products;
			sourceTree = "<group>";
		};
		6E2AC0531571CD3200131494 /* Frameworks */ = {
			isa = PBXGroup;
			children = (
				6E2AC0541571CD3200131494 /* UIKit.framework */,
				6E2AC0561571CD3200131494 /* Foundation.framework */,
				6E2AC0581571CD3200131494 /* CoreGraphics.framework */,
			);
			name = Frameworks;
			sourceTree = "<group>";
		};
		6E2AC05A1571CD3200131494 /* MyFirstApp */ = {
			isa = PBXGroup;
			children = (
				6E2AC0631571CD3200131494 /* AppDelegate.h */,
				6E2AC0641571CD3200131494 /* AppDelegate.m */,
				6E2AC0661571CD3200131494 /* MainStoryboard_iPhone.storyboard */,
				6E2AC0691571CD3200131494 /* MainStoryboard_iPad.storyboard */,
				6E2AC06C1571CD3200131494 /* ViewController.h */,
				6E2AC06D1571CD3200131494 /* ViewController.m */,
				6E143F0E1660B6B30099DD69 /* ModalViewController.h */,
				6E143F0F1660B6B30099DD69 /* ModalViewController.m */,
				6E2AC05B1571CD3200131494 /* Supporting Files */,
			);
			path = MyFirstApp;
			sourceTree = "<group>";
		};
		6E2AC05B1571CD3200131494 /* Supporting Files */ = {
			isa = PBXGroup;
			children = (
				6E2AC05C1571CD3200131494 /* MyFirstApp-Info.plist */,
				6E2AC05D1571CD3200131494 /* InfoPlist.strings */,
				6E2AC0601571CD3200131494 /* main.m */,
				6E2AC0621571CD3200131494 /* MyFirstApp-Prefix.pch */,
			);
			name = "Supporting Files";
			sourceTree = "<group>";
		};
/* End PBXGroup section */

/* Begin PBXNativeTarget section */
		6E2AC04F1571CD3200131494 /* MyFirstApp */ = {
			isa = PBXNativeTarget;
			buildConfigurationList = 6E2AC0711571CD3200131494 /* Build configuration list for PBXNativeTarget "MyFirstApp" */;
			buildPhases = (
				6E2AC04C1571CD3200131494 /* Sources */,
				6E2AC04D1571CD3200131494 /* Frameworks */,
				6E2AC04E1571CD3200131494 /* Resources */,
			);
			buildRules = (
			);
			dependencies = (
			);
			name = MyFirstApp;
			productName = MyFirstApp;
			productReference = 6E2AC0501571CD3200131494 /* MyFirstApp.app */;
			productType = "com.apple.product-type.application";
		};
/* End PBXNativeTarget section */

/* Begin PBXProject section */
		6E2AC0471571CD3200131494 /* Project object */ = {
			isa = PBXProject;
			attributes = {
				LastUpgradeCheck = 0430;
				ORGANIZATIONNAME = "Revolution 9";
			};
			buildConfigurationList = 6E2AC04A1571CD3200131494 /* Build configuration list for PBXProject "MyFirstApp" */;
			compatibilityVersion = "Xcode 3.2";
			developmentRegion = English;
			hasScannedForEncodings = 0;
			knownRegions = (
				en,
			);
			mainGroup = 6E2AC0451571CD3200131494;
			productRefGroup = 6E2AC0511571CD3200131494 /* Products */;
			projectDirPath = "";
			projectRoot = "";
			targets = (
				6E2AC04F1571CD3200131494 /* MyFirstApp */,
			);
		};
/* End PBXProject section */

/* Begin PBXResourcesBuildPhase section */
		6E2AC04E1571CD3200131494 /* Resources */ = {
			isa = PBXResourcesBuildPhase;
			buildActionMask = 2147483647;
			files = (
				6E2AC05F1571CD3200131494 /* InfoPlist.strings in Resources */,
				6E2AC0681571CD3200131494 /* MainStoryboard_iPhone.storyboard in Resources */,
				6E2AC06B1571CD3200131494 /* MainStoryboard_iPad.storyboard in Resources */,
			);
			runOnlyForDeploymentPostprocessing = 0;
		};
/* End PBXResourcesBuildPhase section */

/* Begin PBXSourcesBuildPhase section */
		6E2AC04C1571CD3200131494 /* Sources */ = {
			isa = PBXSourcesBuildPhase;
			buildActionMask = 2147483647;
			files = (
				6E2AC0611571CD3200131494 /* main.m in Sources */,
				6E2AC0651571CD3200131494 /* AppDelegate.m in Sources */,
				6E2AC06E1571CD3200131494 /* ViewController.m in Sources */,
				6E143F101660B6B30099DD69 /* ModalViewController.m in Sources */,
			);
			runOnlyForDeploymentPostprocessing = 0;
		};
/* End PBXSourcesBuildPhase section */

/* Begin PBXVariantGroup section */
		6E2AC05D1571CD3200131494 /* InfoPlist.strings */ = {
			isa = PBXVariantGroup;
			children = (
				6E2AC05E1571CD3200131494 /* en */,
			);
			name = InfoPlist.strings;
			sourceTree = "<group>";
		};
		6E2AC0661571CD3200131494 /* MainStoryboard_iPhone.storyboard */ = {
			isa = PBXVariantGroup;
			children = (
				6E2AC0671571CD3200131494 /* en */,
			);
			name = MainStoryboard_iPhone.storyboard;
			sourceTree = "<group>";
		};
		6E2AC0691571CD3200131494 /* MainStoryboard_iPad.storyboard */ = {
			isa = PBXVariantGroup;
			children = (
				6E2AC06A1571CD3200131494 /* en */,
			);
			name = MainStoryboard_iPad.storyboard;
			sourceTree = "<group>";
		};
/* End PBXVariantGroup section */

/* Begin XCBuildConfiguration section */
		6E2AC06F1571CD3200131494 /* Debug */ = {
			isa = XCBuildConfiguration;
			buildSettings = {
				ALWAYS_SEARCH_USER_PATHS = NO;
				ARCHS = "$(ARCHS_STANDARD_32_BIT)";
				CLANG_ENABLE_OBJC_ARC = YES;
				"CODE_SIGN_IDENTITY[sdk=iphoneos*]" = "iPhone Developer";
				COPY_PHASE_STRIP = NO;
				GCC_C_LANGUAGE_STANDARD = gnu99;
				GCC_DYNAMIC_NO_PIC = NO;
				GCC_OPTIMIZATION_LEVEL = 0;
				GCC_PREPROCESSOR_DEFINITIONS = (
					"DEBUG=1",
					"$(inherited)",
				);
				GCC_SYMBOLS_PRIVATE_EXTERN = NO;
				GCC_VERSION = com.apple.compilers.llvm.clang.1_0;
				GCC_WARN_ABOUT_RETURN_TYPE = YES;
				GCC_WARN_UNINITIALIZED_AUTOS = YES;
				GCC_WARN_UNUSED_VARIABLE = YES;
				IPHONEOS_DEPLOYMENT_TARGET = 5.1;
				SDKROOT = iphoneos;
				TARGETED_DEVICE_FAMILY = "1,2";
			};
			name = Debug;
		};
		6E2AC0701571CD3200131494 /* Release */ = {
			isa = XCBuildConfiguration;
			buildSettings = {
				ALWAYS_SEARCH_USER_PATHS = NO;
				ARCHS = "$(ARCHS_STANDARD_32_BIT)";
				CLANG_ENABLE_OBJC_ARC = YES;
				"CODE_SIGN_IDENTITY[sdk=iphoneos*]" = "iPhone Developer";
				COPY_PHASE_STRIP = YES;
				GCC_C_LANGUAGE_STANDARD = gnu99;
				GCC_VERSION = com.apple.compilers.llvm.clang.1_0;
				GCC_WARN_ABOUT_RETURN_TYPE = YES;
				GCC_WARN_UNINITIALIZED_AUTOS = YES;
				GCC_WARN_UNUSED_VARIABLE = YES;
				IPHONEOS_DEPLOYMENT_TARGET = 5.1;
				OTHER_CFLAGS = "-DNS_BLOCK_ASSERTIONS=1";
				SDKROOT = iphoneos;
				TARGETED_DEVICE_FAMILY = "1,2";
				VALIDATE_PRODUCT = YES;
			};
			name = Release;
		};
		6E2AC0721571CD3200131494 /* Debug */ = {
			isa = XCBuildConfiguration;
			buildSettings = {
				GCC_PRECOMPILE_PREFIX_HEADER = YES;
				GCC_PREFIX_HEADER = "MyFirstApp/MyFirstApp-Prefix.pch";
				INFOPLIST_FILE = "MyFirstApp/MyFirstApp-Info.plist";
				PRODUCT_NAME = "$(TARGET_NAME)";
				WRAPPER_EXTENSION = app;
			};
			name = Debug;
		};
		6E2AC0731571CD3200131494 /* Release */ = {
			isa = XCBuildConfiguration;
			buildSettings = {
				GCC_PRECOMPILE_PREFIX_HEADER = YES;
				GCC_PREFIX_HEADER = "MyFirstApp/MyFirstApp-Prefix.pch";
				INFOPLIST_FILE = "MyFirstApp/MyFirstApp-Info.plist";
				PRODUCT_NAME = "$(TARGET_NAME)";
				WRAPPER_EXTENSION = app;
			};
			name = Release;
		};
/* End XCBuildConfiguration section */

/* Begin XCConfigurationList section */
		6E2AC04A1571CD3200131494 /* Build configuration list for PBXProject "MyFirstApp" */ = {
			isa = XCConfigurationList;
			buildConfigurations = (
				6E2AC06F1571CD3200131494 /* Debug */,
				6E2AC0701571CD3200131494 /* Release */,
			);
			defaultConfigurationIsVisible = 0;
			defaultConfigurationName = Release;
		};
		6E2AC0711571CD3200131494 /* Build configuration list for PBXNativeTarget "MyFirstApp" */ = {
			isa = XCConfigurationList;
			buildConfigurations = (
				6E2AC0721571CD3200131494 /* Debug */,
				6E2AC0731571CD3200131494 /* Release */,
			);
			defaultConfigurationIsVisible = 0;
			defaultConfigurationName = Release;
		};
/* End XCConfigurationList section */
	};
	rootObject = 6E2AC0471571CD3200131494 /* Project object */;
}
