// !$*UTF8*$!
{
	archiveVersion = 1;
	classes = {
	};
	objectVersion = 46;
	objects = {

/* Begin PBXBuildFile section */
		9637CF2C138F9EA400A93378 /* Sample.m in Sources */ = {isa = PBXBuildFile; fileRef = 9637CF2B138F9EA400A93378 /* Sample.m */; };
		96A33270138E29B000811213 /* UIKit.framework in Frameworks */ = {isa = PBXBuildFile; fileRef = 96A3326F138E29B000811213 /* UIKit.framework */; };
		96A33272138E29B100811213 /* Foundation.framework in Frameworks */ = {isa = PBXBuildFile; fileRef = 96A33271138E29B100811213 /* Foundation.framework */; };
		96A33274138E29B100811213 /* CoreGraphics.framework in Frameworks */ = {isa = PBXBuildFile; fileRef = 96A33273138E29B100811213 /* CoreGraphics.framework */; };
		96A3327A138E29B100811213 /* InfoPlist.strings in Resources */ = {isa = PBXBuildFile; fileRef = 96A33278138E29B100811213 /* InfoPlist.strings */; };
		96A3327D138E29B100811213 /* main.m in Sources */ = {isa = PBXBuildFile; fileRef = 96A3327C138E29B100811213 /* main.m */; };
		96A33280138E29B100811213 /* NSOperationSampleAppDelegate.m in Sources */ = {isa = PBXBuildFile; fileRef = 96A3327F138E29B100811213 /* NSOperationSampleAppDelegate.m */; };
		96A33283138E29B100811213 /* MainWindow.xib in Resources */ = {isa = PBXBuildFile; fileRef = 96A33281138E29B100811213 /* MainWindow.xib */; };
		96A33286138E29B100811213 /* NSOperationSampleViewController.m in Sources */ = {isa = PBXBuildFile; fileRef = 96A33285138E29B100811213 /* NSOperationSampleViewController.m */; };
		96A33289138E29B100811213 /* NSOperationSampleViewController.xib in Resources */ = {isa = PBXBuildFile; fileRef = 96A33287138E29B100811213 /* NSOperationSampleViewController.xib */; };
		96A33291138E2B8500811213 /* OperationNormal.m in Sources */ = {isa = PBXBuildFile; fileRef = 96A33290138E2B8500811213 /* OperationNormal.m */; };
		96A33294138E466600811213 /* NestedOperation.m in Sources */ = {isa = PBXBuildFile; fileRef = 96A33293138E466600811213 /* NestedOperation.m */; };
/* End PBXBuildFile section */

/* Begin PBXFileReference section */
		9637CF2A138F9EA400A93378 /* Sample.h */ = {isa = PBXFileReference; fileEncoding = 4; lastKnownFileType = sourcecode.c.h; path = Sample.h; sourceTree = "<group>"; };
		9637CF2B138F9EA400A93378 /* Sample.m */ = {isa = PBXFileReference; fileEncoding = 4; lastKnownFileType = sourcecode.c.objc; path = Sample.m; sourceTree = "<group>"; };
		96A3326B138E29B000811213 /* NSOperationSample.app */ = {isa = PBXFileReference; explicitFileType = wrapper.application; includeInIndex = 0; path = NSOperationSample.app; sourceTree = BUILT_PRODUCTS_DIR; };
		96A3326F138E29B000811213 /* UIKit.framework */ = {isa = PBXFileReference; lastKnownFileType = wrapper.framework; name = UIKit.framework; path = System/Library/Frameworks/UIKit.framework; sourceTree = SDKROOT; };
		96A33271138E29B100811213 /* Foundation.framework */ = {isa = PBXFileReference; lastKnownFileType = wrapper.framework; name = Foundation.framework; path = System/Library/Frameworks/Foundation.framework; sourceTree = SDKROOT; };
		96A33273138E29B100811213 /* CoreGraphics.framework */ = {isa = PBXFileReference; lastKnownFileType = wrapper.framework; name = CoreGraphics.framework; path = System/Library/Frameworks/CoreGraphics.framework; sourceTree = SDKROOT; };
		96A33277138E29B100811213 /* NSOperationSample-Info.plist */ = {isa = PBXFileReference; lastKnownFileType = text.plist.xml; path = "NSOperationSample-Info.plist"; sourceTree = "<group>"; };
		96A33279138E29B100811213 /* en */ = {isa = PBXFileReference; lastKnownFileType = text.plist.strings; name = en; path = en.lproj/InfoPlist.strings; sourceTree = "<group>"; };
		96A3327B138E29B100811213 /* NSOperationSample-Prefix.pch */ = {isa = PBXFileReference; lastKnownFileType = sourcecode.c.h; path = "NSOperationSample-Prefix.pch"; sourceTree = "<group>"; };
		96A3327C138E29B100811213 /* main.m */ = {isa = PBXFileReference; lastKnownFileType = sourcecode.c.objc; path = main.m; sourceTree = "<group>"; };
		96A3327E138E29B100811213 /* NSOperationSampleAppDelegate.h */ = {isa = PBXFileReference; lastKnownFileType = sourcecode.c.h; path = NSOperationSampleAppDelegate.h; sourceTree = "<group>"; };
		96A3327F138E29B100811213 /* NSOperationSampleAppDelegate.m */ = {isa = PBXFileReference; lastKnownFileType = sourcecode.c.objc; path = NSOperationSampleAppDelegate.m; sourceTree = "<group>"; };
		96A33282138E29B100811213 /* en */ = {isa = PBXFileReference; lastKnownFileType = file.xib; name = en; path = en.lproj/MainWindow.xib; sourceTree = "<group>"; };
		96A33284138E29B100811213 /* NSOperationSampleViewController.h */ = {isa = PBXFileReference; lastKnownFileType = sourcecode.c.h; path = NSOperationSampleViewController.h; sourceTree = "<group>"; };
		96A33285138E29B100811213 /* NSOperationSampleViewController.m */ = {isa = PBXFileReference; lastKnownFileType = sourcecode.c.objc; path = NSOperationSampleViewController.m; sourceTree = "<group>"; };
		96A33288138E29B100811213 /* en */ = {isa = PBXFileReference; lastKnownFileType = file.xib; name = en; path = en.lproj/NSOperationSampleViewController.xib; sourceTree = "<group>"; };
		96A3328F138E2B8500811213 /* OperationNormal.h */ = {isa = PBXFileReference; fileEncoding = 4; lastKnownFileType = sourcecode.c.h; path = OperationNormal.h; sourceTree = "<group>"; };
		96A33290138E2B8500811213 /* OperationNormal.m */ = {isa = PBXFileReference; fileEncoding = 4; lastKnownFileType = sourcecode.c.objc; path = OperationNormal.m; sourceTree = "<group>"; };
		96A33292138E466600811213 /* NestedOperation.h */ = {isa = PBXFileReference; fileEncoding = 4; lastKnownFileType = sourcecode.c.h; path = NestedOperation.h; sourceTree = "<group>"; };
		96A33293138E466600811213 /* NestedOperation.m */ = {isa = PBXFileReference; fileEncoding = 4; lastKnownFileType = sourcecode.c.objc; path = NestedOperation.m; sourceTree = "<group>"; };
/* End PBXFileReference section */

/* Begin PBXFrameworksBuildPhase section */
		96A33268138E29B000811213 /* Frameworks */ = {
			isa = PBXFrameworksBuildPhase;
			buildActionMask = 2147483647;
			files = (
				96A33270138E29B000811213 /* UIKit.framework in Frameworks */,
				96A33272138E29B100811213 /* Foundation.framework in Frameworks */,
				96A33274138E29B100811213 /* CoreGraphics.framework in Frameworks */,
			);
			runOnlyForDeploymentPostprocessing = 0;
		};
/* End PBXFrameworksBuildPhase section */

/* Begin PBXGroup section */
		96A33260138E29B000811213 = {
			isa = PBXGroup;
			children = (
				96A33275138E29B100811213 /* NSOperationSample */,
				96A3326E138E29B000811213 /* Frameworks */,
				96A3326C138E29B000811213 /* Products */,
			);
			sourceTree = "<group>";
		};
		96A3326C138E29B000811213 /* Products */ = {
			isa = PBXGroup;
			children = (
				96A3326B138E29B000811213 /* NSOperationSample.app */,
			);
			name = Products;
			sourceTree = "<group>";
		};
		96A3326E138E29B000811213 /* Frameworks */ = {
			isa = PBXGroup;
			children = (
				96A3326F138E29B000811213 /* UIKit.framework */,
				96A33271138E29B100811213 /* Foundation.framework */,
				96A33273138E29B100811213 /* CoreGraphics.framework */,
			);
			name = Frameworks;
			sourceTree = "<group>";
		};
		96A33275138E29B100811213 /* NSOperationSample */ = {
			isa = PBXGroup;
			children = (
				9637CF2A138F9EA400A93378 /* Sample.h */,
				9637CF2B138F9EA400A93378 /* Sample.m */,
				96A33292138E466600811213 /* NestedOperation.h */,
				96A33293138E466600811213 /* NestedOperation.m */,
				96A3328F138E2B8500811213 /* OperationNormal.h */,
				96A33290138E2B8500811213 /* OperationNormal.m */,
				96A3327E138E29B100811213 /* NSOperationSampleAppDelegate.h */,
				96A3327F138E29B100811213 /* NSOperationSampleAppDelegate.m */,
				96A33281138E29B100811213 /* MainWindow.xib */,
				96A33284138E29B100811213 /* NSOperationSampleViewController.h */,
				96A33285138E29B100811213 /* NSOperationSampleViewController.m */,
				96A33287138E29B100811213 /* NSOperationSampleViewController.xib */,
				96A33276138E29B100811213 /* Supporting Files */,
			);
			path = NSOperationSample;
			sourceTree = "<group>";
		};
		96A33276138E29B100811213 /* Supporting Files */ = {
			isa = PBXGroup;
			children = (
				96A33277138E29B100811213 /* NSOperationSample-Info.plist */,
				96A33278138E29B100811213 /* InfoPlist.strings */,
				96A3327B138E29B100811213 /* NSOperationSample-Prefix.pch */,
				96A3327C138E29B100811213 /* main.m */,
			);
			name = "Supporting Files";
			sourceTree = "<group>";
		};
/* End PBXGroup section */

/* Begin PBXNativeTarget section */
		96A3326A138E29B000811213 /* NSOperationSample */ = {
			isa = PBXNativeTarget;
			buildConfigurationList = 96A3328C138E29B100811213 /* Build configuration list for PBXNativeTarget "NSOperationSample" */;
			buildPhases = (
				96A33267138E29B000811213 /* Sources */,
				96A33268138E29B000811213 /* Frameworks */,
				96A33269138E29B000811213 /* Resources */,
			);
			buildRules = (
			);
			dependencies = (
			);
			name = NSOperationSample;
			productName = NSOperationSample;
			productReference = 96A3326B138E29B000811213 /* NSOperationSample.app */;
			productType = "com.apple.product-type.application";
		};
/* End PBXNativeTarget section */

/* Begin PBXProject section */
		96A33262138E29B000811213 /* Project object */ = {
			isa = PBXProject;
			attributes = {
				LastUpgradeCheck = 0440;
				ORGANIZATIONNAME = "Colopl, Inc.";
			};
			buildConfigurationList = 96A33265138E29B000811213 /* Build configuration list for PBXProject "NSOperationSample" */;
			compatibilityVersion = "Xcode 3.2";
			developmentRegion = English;
			hasScannedForEncodings = 0;
			knownRegions = (
				en,
			);
			mainGroup = 96A33260138E29B000811213;
			productRefGroup = 96A3326C138E29B000811213 /* Products */;
			projectDirPath = "";
			projectRoot = "";
			targets = (
				96A3326A138E29B000811213 /* NSOperationSample */,
			);
		};
/* End PBXProject section */

/* Begin PBXResourcesBuildPhase section */
		96A33269138E29B000811213 /* Resources */ = {
			isa = PBXResourcesBuildPhase;
			buildActionMask = 2147483647;
			files = (
				96A3327A138E29B100811213 /* InfoPlist.strings in Resources */,
				96A33283138E29B100811213 /* MainWindow.xib in Resources */,
				96A33289138E29B100811213 /* NSOperationSampleViewController.xib in Resources */,
			);
			runOnlyForDeploymentPostprocessing = 0;
		};
/* End PBXResourcesBuildPhase section */

/* Begin PBXSourcesBuildPhase section */
		96A33267138E29B000811213 /* Sources */ = {
			isa = PBXSourcesBuildPhase;
			buildActionMask = 2147483647;
			files = (
				96A3327D138E29B100811213 /* main.m in Sources */,
				96A33280138E29B100811213 /* NSOperationSampleAppDelegate.m in Sources */,
				96A33286138E29B100811213 /* NSOperationSampleViewController.m in Sources */,
				96A33291138E2B8500811213 /* OperationNormal.m in Sources */,
				96A33294138E466600811213 /* NestedOperation.m in Sources */,
				9637CF2C138F9EA400A93378 /* Sample.m in Sources */,
			);
			runOnlyForDeploymentPostprocessing = 0;
		};
/* End PBXSourcesBuildPhase section */

/* Begin PBXVariantGroup section */
		96A33278138E29B100811213 /* InfoPlist.strings */ = {
			isa = PBXVariantGroup;
			children = (
				96A33279138E29B100811213 /* en */,
			);
			name = InfoPlist.strings;
			sourceTree = "<group>";
		};
		96A33281138E29B100811213 /* MainWindow.xib */ = {
			isa = PBXVariantGroup;
			children = (
				96A33282138E29B100811213 /* en */,
			);
			name = MainWindow.xib;
			sourceTree = "<group>";
		};
		96A33287138E29B100811213 /* NSOperationSampleViewController.xib */ = {
			isa = PBXVariantGroup;
			children = (
				96A33288138E29B100811213 /* en */,
			);
			name = NSOperationSampleViewController.xib;
			sourceTree = "<group>";
		};
/* End PBXVariantGroup section */

/* Begin XCBuildConfiguration section */
		96A3328A138E29B100811213 /* Debug */ = {
			isa = XCBuildConfiguration;
			buildSettings = {
				ARCHS = "$(ARCHS_STANDARD_32_BIT)";
				"CODE_SIGN_IDENTITY[sdk=iphoneos*]" = "iPhone Developer";
				GCC_C_LANGUAGE_STANDARD = gnu99;
				GCC_OPTIMIZATION_LEVEL = 0;
				GCC_PREPROCESSOR_DEFINITIONS = DEBUG;
				GCC_SYMBOLS_PRIVATE_EXTERN = NO;
				GCC_VERSION = com.apple.compilers.llvmgcc42;
				GCC_WARN_ABOUT_RETURN_TYPE = YES;
				GCC_WARN_UNUSED_VARIABLE = YES;
				IPHONEOS_DEPLOYMENT_TARGET = 5.0;
				SDKROOT = iphoneos;
			};
			name = Debug;
		};
		96A3328B138E29B100811213 /* Release */ = {
			isa = XCBuildConfiguration;
			buildSettings = {
				ARCHS = "$(ARCHS_STANDARD_32_BIT)";
				"CODE_SIGN_IDENTITY[sdk=iphoneos*]" = "iPhone Developer";
				GCC_C_LANGUAGE_STANDARD = gnu99;
				GCC_VERSION = com.apple.compilers.llvmgcc42;
				GCC_WARN_ABOUT_RETURN_TYPE = YES;
				GCC_WARN_UNUSED_VARIABLE = YES;
				IPHONEOS_DEPLOYMENT_TARGET = 5.0;
				OTHER_CFLAGS = "-DNS_BLOCK_ASSERTIONS=1";
				SDKROOT = iphoneos;
			};
			name = Release;
		};
		96A3328D138E29B100811213 /* Debug */ = {
			isa = XCBuildConfiguration;
			buildSettings = {
				ALWAYS_SEARCH_USER_PATHS = NO;
				CLANG_ENABLE_OBJC_ARC = YES;
				COPY_PHASE_STRIP = NO;
				GCC_DYNAMIC_NO_PIC = NO;
				GCC_PRECOMPILE_PREFIX_HEADER = YES;
				GCC_PREFIX_HEADER = "NSOperationSample/NSOperationSample-Prefix.pch";
				GCC_VERSION = com.apple.compilers.llvm.clang.1_0;
				INFOPLIST_FILE = "NSOperationSample/NSOperationSample-Info.plist";
				PRODUCT_NAME = "$(TARGET_NAME)";
				WRAPPER_EXTENSION = app;
			};
			name = Debug;
		};
		96A3328E138E29B100811213 /* Release */ = {
			isa = XCBuildConfiguration;
			buildSettings = {
				ALWAYS_SEARCH_USER_PATHS = NO;
				CLANG_ENABLE_OBJC_ARC = YES;
				COPY_PHASE_STRIP = YES;
				GCC_PRECOMPILE_PREFIX_HEADER = YES;
				GCC_PREFIX_HEADER = "NSOperationSample/NSOperationSample-Prefix.pch";
				GCC_VERSION = com.apple.compilers.llvm.clang.1_0;
				INFOPLIST_FILE = "NSOperationSample/NSOperationSample-Info.plist";
				PRODUCT_NAME = "$(TARGET_NAME)";
				VALIDATE_PRODUCT = YES;
				WRAPPER_EXTENSION = app;
			};
			name = Release;
		};
/* End XCBuildConfiguration section */

/* Begin XCConfigurationList section */
		96A33265138E29B000811213 /* Build configuration list for PBXProject "NSOperationSample" */ = {
			isa = XCConfigurationList;
			buildConfigurations = (
				96A3328A138E29B100811213 /* Debug */,
				96A3328B138E29B100811213 /* Release */,
			);
			defaultConfigurationIsVisible = 0;
			defaultConfigurationName = Release;
		};
		96A3328C138E29B100811213 /* Build configuration list for PBXNativeTarget "NSOperationSample" */ = {
			isa = XCConfigurationList;
			buildConfigurations = (
				96A3328D138E29B100811213 /* Debug */,
				96A3328E138E29B100811213 /* Release */,
			);
			defaultConfigurationIsVisible = 0;
			defaultConfigurationName = Release;
		};
/* End XCConfigurationList section */
	};
	rootObject = 96A33262138E29B000811213 /* Project object */;
}
