// !$*UTF8*$!
{
	archiveVersion = 1;
	classes = {
	};
	objectVersion = 46;
	objects = {

/* Begin PBXBuildFile section */
		FFD102D814313402007CD221 /* UIKit.framework in Frameworks */ = {isa = PBXBuildFile; fileRef = FFD102D714313402007CD221 /* UIKit.framework */; };
		FFD102DA14313402007CD221 /* Foundation.framework in Frameworks */ = {isa = PBXBuildFile; fileRef = FFD102D914313402007CD221 /* Foundation.framework */; };
		FFD102DC14313402007CD221 /* CoreGraphics.framework in Frameworks */ = {isa = PBXBuildFile; fileRef = FFD102DB14313402007CD221 /* CoreGraphics.framework */; };
		FFD102DE14313402007CD221 /* CoreData.framework in Frameworks */ = {isa = PBXBuildFile; fileRef = FFD102DD14313402007CD221 /* CoreData.framework */; };
		FFD102E414313402007CD221 /* InfoPlist.strings in Resources */ = {isa = PBXBuildFile; fileRef = FFD102E214313402007CD221 /* InfoPlist.strings */; };
		FFD102E714313402007CD221 /* main.m in Sources */ = {isa = PBXBuildFile; fileRef = FFD102E614313402007CD221 /* main.m */; };
		FFD102EA14313402007CD221 /* DataManagement4AppDelegate.m in Sources */ = {isa = PBXBuildFile; fileRef = FFD102E914313402007CD221 /* DataManagement4AppDelegate.m */; };
		FFD102ED14313402007CD221 /* DataManagement4.xcdatamodeld in Sources */ = {isa = PBXBuildFile; fileRef = FFD102EB14313402007CD221 /* DataManagement4.xcdatamodeld */; };
		FFD102F014313402007CD221 /* MainWindow.xib in Resources */ = {isa = PBXBuildFile; fileRef = FFD102EE14313402007CD221 /* MainWindow.xib */; };
		FFD102F314313402007CD221 /* RootViewController.m in Sources */ = {isa = PBXBuildFile; fileRef = FFD102F214313402007CD221 /* RootViewController.m */; };
		FFD102F614313402007CD221 /* RootViewController.xib in Resources */ = {isa = PBXBuildFile; fileRef = FFD102F414313402007CD221 /* RootViewController.xib */; };
/* End PBXBuildFile section */

/* Begin PBXFileReference section */
		FFD102D314313402007CD221 /* DataManagement4.app */ = {isa = PBXFileReference; explicitFileType = wrapper.application; includeInIndex = 0; path = DataManagement4.app; sourceTree = BUILT_PRODUCTS_DIR; };
		FFD102D714313402007CD221 /* UIKit.framework */ = {isa = PBXFileReference; lastKnownFileType = wrapper.framework; name = UIKit.framework; path = System/Library/Frameworks/UIKit.framework; sourceTree = SDKROOT; };
		FFD102D914313402007CD221 /* Foundation.framework */ = {isa = PBXFileReference; lastKnownFileType = wrapper.framework; name = Foundation.framework; path = System/Library/Frameworks/Foundation.framework; sourceTree = SDKROOT; };
		FFD102DB14313402007CD221 /* CoreGraphics.framework */ = {isa = PBXFileReference; lastKnownFileType = wrapper.framework; name = CoreGraphics.framework; path = System/Library/Frameworks/CoreGraphics.framework; sourceTree = SDKROOT; };
		FFD102DD14313402007CD221 /* CoreData.framework */ = {isa = PBXFileReference; lastKnownFileType = wrapper.framework; name = CoreData.framework; path = System/Library/Frameworks/CoreData.framework; sourceTree = SDKROOT; };
		FFD102E114313402007CD221 /* DataManagement4-Info.plist */ = {isa = PBXFileReference; lastKnownFileType = text.plist.xml; path = "DataManagement4-Info.plist"; sourceTree = "<group>"; };
		FFD102E314313402007CD221 /* en */ = {isa = PBXFileReference; lastKnownFileType = text.plist.strings; name = en; path = en.lproj/InfoPlist.strings; sourceTree = "<group>"; };
		FFD102E514313402007CD221 /* DataManagement4-Prefix.pch */ = {isa = PBXFileReference; lastKnownFileType = sourcecode.c.h; path = "DataManagement4-Prefix.pch"; sourceTree = "<group>"; };
		FFD102E614313402007CD221 /* main.m */ = {isa = PBXFileReference; lastKnownFileType = sourcecode.c.objc; path = main.m; sourceTree = "<group>"; };
		FFD102E814313402007CD221 /* DataManagement4AppDelegate.h */ = {isa = PBXFileReference; lastKnownFileType = sourcecode.c.h; path = DataManagement4AppDelegate.h; sourceTree = "<group>"; };
		FFD102E914313402007CD221 /* DataManagement4AppDelegate.m */ = {isa = PBXFileReference; lastKnownFileType = sourcecode.c.objc; path = DataManagement4AppDelegate.m; sourceTree = "<group>"; };
		FFD102EC14313402007CD221 /* DataManagement4.xcdatamodel */ = {isa = PBXFileReference; lastKnownFileType = wrapper.xcdatamodel; path = DataManagement4.xcdatamodel; sourceTree = "<group>"; };
		FFD102EF14313402007CD221 /* en */ = {isa = PBXFileReference; lastKnownFileType = file.xib; name = en; path = en.lproj/MainWindow.xib; sourceTree = "<group>"; };
		FFD102F114313402007CD221 /* RootViewController.h */ = {isa = PBXFileReference; lastKnownFileType = sourcecode.c.h; path = RootViewController.h; sourceTree = "<group>"; };
		FFD102F214313402007CD221 /* RootViewController.m */ = {isa = PBXFileReference; lastKnownFileType = sourcecode.c.objc; path = RootViewController.m; sourceTree = "<group>"; };
		FFD102F514313402007CD221 /* en */ = {isa = PBXFileReference; lastKnownFileType = file.xib; name = en; path = en.lproj/RootViewController.xib; sourceTree = "<group>"; };
/* End PBXFileReference section */

/* Begin PBXFrameworksBuildPhase section */
		FFD102D014313402007CD221 /* Frameworks */ = {
			isa = PBXFrameworksBuildPhase;
			buildActionMask = 2147483647;
			files = (
				FFD102D814313402007CD221 /* UIKit.framework in Frameworks */,
				FFD102DA14313402007CD221 /* Foundation.framework in Frameworks */,
				FFD102DC14313402007CD221 /* CoreGraphics.framework in Frameworks */,
				FFD102DE14313402007CD221 /* CoreData.framework in Frameworks */,
			);
			runOnlyForDeploymentPostprocessing = 0;
		};
/* End PBXFrameworksBuildPhase section */

/* Begin PBXGroup section */
		FFD102C814313402007CD221 = {
			isa = PBXGroup;
			children = (
				FFD102DF14313402007CD221 /* DataManagement4 */,
				FFD102D614313402007CD221 /* Frameworks */,
				FFD102D414313402007CD221 /* Products */,
			);
			sourceTree = "<group>";
		};
		FFD102D414313402007CD221 /* Products */ = {
			isa = PBXGroup;
			children = (
				FFD102D314313402007CD221 /* DataManagement4.app */,
			);
			name = Products;
			sourceTree = "<group>";
		};
		FFD102D614313402007CD221 /* Frameworks */ = {
			isa = PBXGroup;
			children = (
				FFD102D714313402007CD221 /* UIKit.framework */,
				FFD102D914313402007CD221 /* Foundation.framework */,
				FFD102DB14313402007CD221 /* CoreGraphics.framework */,
				FFD102DD14313402007CD221 /* CoreData.framework */,
			);
			name = Frameworks;
			sourceTree = "<group>";
		};
		FFD102DF14313402007CD221 /* DataManagement4 */ = {
			isa = PBXGroup;
			children = (
				FFD102E814313402007CD221 /* DataManagement4AppDelegate.h */,
				FFD102E914313402007CD221 /* DataManagement4AppDelegate.m */,
				FFD102EE14313402007CD221 /* MainWindow.xib */,
				FFD102F114313402007CD221 /* RootViewController.h */,
				FFD102F214313402007CD221 /* RootViewController.m */,
				FFD102F414313402007CD221 /* RootViewController.xib */,
				FFD102EB14313402007CD221 /* DataManagement4.xcdatamodeld */,
				FFD102E014313402007CD221 /* Supporting Files */,
			);
			path = DataManagement4;
			sourceTree = "<group>";
		};
		FFD102E014313402007CD221 /* Supporting Files */ = {
			isa = PBXGroup;
			children = (
				FFD102E114313402007CD221 /* DataManagement4-Info.plist */,
				FFD102E214313402007CD221 /* InfoPlist.strings */,
				FFD102E514313402007CD221 /* DataManagement4-Prefix.pch */,
				FFD102E614313402007CD221 /* main.m */,
			);
			name = "Supporting Files";
			sourceTree = "<group>";
		};
/* End PBXGroup section */

/* Begin PBXNativeTarget section */
		FFD102D214313402007CD221 /* DataManagement4 */ = {
			isa = PBXNativeTarget;
			buildConfigurationList = FFD102F914313402007CD221 /* Build configuration list for PBXNativeTarget "DataManagement4" */;
			buildPhases = (
				FFD102CF14313402007CD221 /* Sources */,
				FFD102D014313402007CD221 /* Frameworks */,
				FFD102D114313402007CD221 /* Resources */,
			);
			buildRules = (
			);
			dependencies = (
			);
			name = DataManagement4;
			productName = DataManagement4;
			productReference = FFD102D314313402007CD221 /* DataManagement4.app */;
			productType = "com.apple.product-type.application";
		};
/* End PBXNativeTarget section */

/* Begin PBXProject section */
		FFD102CA14313402007CD221 /* Project object */ = {
			isa = PBXProject;
			attributes = {
				ORGANIZATIONNAME = Commonsense;
			};
			buildConfigurationList = FFD102CD14313402007CD221 /* Build configuration list for PBXProject "DataManagement4" */;
			compatibilityVersion = "Xcode 3.2";
			developmentRegion = English;
			hasScannedForEncodings = 0;
			knownRegions = (
				en,
			);
			mainGroup = FFD102C814313402007CD221;
			productRefGroup = FFD102D414313402007CD221 /* Products */;
			projectDirPath = "";
			projectRoot = "";
			targets = (
				FFD102D214313402007CD221 /* DataManagement4 */,
			);
		};
/* End PBXProject section */

/* Begin PBXResourcesBuildPhase section */
		FFD102D114313402007CD221 /* Resources */ = {
			isa = PBXResourcesBuildPhase;
			buildActionMask = 2147483647;
			files = (
				FFD102E414313402007CD221 /* InfoPlist.strings in Resources */,
				FFD102F014313402007CD221 /* MainWindow.xib in Resources */,
				FFD102F614313402007CD221 /* RootViewController.xib in Resources */,
			);
			runOnlyForDeploymentPostprocessing = 0;
		};
/* End PBXResourcesBuildPhase section */

/* Begin PBXSourcesBuildPhase section */
		FFD102CF14313402007CD221 /* Sources */ = {
			isa = PBXSourcesBuildPhase;
			buildActionMask = 2147483647;
			files = (
				FFD102E714313402007CD221 /* main.m in Sources */,
				FFD102EA14313402007CD221 /* DataManagement4AppDelegate.m in Sources */,
				FFD102ED14313402007CD221 /* DataManagement4.xcdatamodeld in Sources */,
				FFD102F314313402007CD221 /* RootViewController.m in Sources */,
			);
			runOnlyForDeploymentPostprocessing = 0;
		};
/* End PBXSourcesBuildPhase section */

/* Begin PBXVariantGroup section */
		FFD102E214313402007CD221 /* InfoPlist.strings */ = {
			isa = PBXVariantGroup;
			children = (
				FFD102E314313402007CD221 /* en */,
			);
			name = InfoPlist.strings;
			sourceTree = "<group>";
		};
		FFD102EE14313402007CD221 /* MainWindow.xib */ = {
			isa = PBXVariantGroup;
			children = (
				FFD102EF14313402007CD221 /* en */,
			);
			name = MainWindow.xib;
			sourceTree = "<group>";
		};
		FFD102F414313402007CD221 /* RootViewController.xib */ = {
			isa = PBXVariantGroup;
			children = (
				FFD102F514313402007CD221 /* en */,
			);
			name = RootViewController.xib;
			sourceTree = "<group>";
		};
/* End PBXVariantGroup section */

/* Begin XCBuildConfiguration section */
		FFD102F714313402007CD221 /* Debug */ = {
			isa = XCBuildConfiguration;
			buildSettings = {
				ARCHS = "$(ARCHS_STANDARD_32_BIT)";
				"CODE_SIGN_IDENTITY[sdk=iphoneos*]" = "iPhone Developer";
				GCC_C_LANGUAGE_STANDARD = gnu99;
				GCC_OPTIMIZATION_LEVEL = 0;
				GCC_PREPROCESSOR_DEFINITIONS = DEBUG;
				GCC_SYMBOLS_PRIVATE_EXTERN = NO;
				GCC_VERSION = com.apple.compilers.llvmgcc42;
				GCC_WARN_ABOUT_RETURN_TYPE = YES;
				GCC_WARN_UNUSED_VARIABLE = YES;
				IPHONEOS_DEPLOYMENT_TARGET = 4.3;
				SDKROOT = iphoneos;
			};
			name = Debug;
		};
		FFD102F814313402007CD221 /* Release */ = {
			isa = XCBuildConfiguration;
			buildSettings = {
				ARCHS = "$(ARCHS_STANDARD_32_BIT)";
				"CODE_SIGN_IDENTITY[sdk=iphoneos*]" = "iPhone Developer";
				GCC_C_LANGUAGE_STANDARD = gnu99;
				GCC_VERSION = com.apple.compilers.llvmgcc42;
				GCC_WARN_ABOUT_RETURN_TYPE = YES;
				GCC_WARN_UNUSED_VARIABLE = YES;
				IPHONEOS_DEPLOYMENT_TARGET = 4.3;
				OTHER_CFLAGS = "-DNS_BLOCK_ASSERTIONS=1";
				SDKROOT = iphoneos;
			};
			name = Release;
		};
		FFD102FA14313402007CD221 /* Debug */ = {
			isa = XCBuildConfiguration;
			buildSettings = {
				ALWAYS_SEARCH_USER_PATHS = NO;
				COPY_PHASE_STRIP = NO;
				GCC_DYNAMIC_NO_PIC = NO;
				GCC_PRECOMPILE_PREFIX_HEADER = YES;
				GCC_PREFIX_HEADER = "DataManagement4/DataManagement4-Prefix.pch";
				INFOPLIST_FILE = "DataManagement4/DataManagement4-Info.plist";
				PRODUCT_NAME = "$(TARGET_NAME)";
				WRAPPER_EXTENSION = app;
			};
			name = Debug;
		};
		FFD102FB14313402007CD221 /* Release */ = {
			isa = XCBuildConfiguration;
			buildSettings = {
				ALWAYS_SEARCH_USER_PATHS = NO;
				COPY_PHASE_STRIP = YES;
				GCC_PRECOMPILE_PREFIX_HEADER = YES;
				GCC_PREFIX_HEADER = "DataManagement4/DataManagement4-Prefix.pch";
				INFOPLIST_FILE = "DataManagement4/DataManagement4-Info.plist";
				PRODUCT_NAME = "$(TARGET_NAME)";
				VALIDATE_PRODUCT = YES;
				WRAPPER_EXTENSION = app;
			};
			name = Release;
		};
/* End XCBuildConfiguration section */

/* Begin XCConfigurationList section */
		FFD102CD14313402007CD221 /* Build configuration list for PBXProject "DataManagement4" */ = {
			isa = XCConfigurationList;
			buildConfigurations = (
				FFD102F714313402007CD221 /* Debug */,
				FFD102F814313402007CD221 /* Release */,
			);
			defaultConfigurationIsVisible = 0;
			defaultConfigurationName = Release;
		};
		FFD102F914313402007CD221 /* Build configuration list for PBXNativeTarget "DataManagement4" */ = {
			isa = XCConfigurationList;
			buildConfigurations = (
				FFD102FA14313402007CD221 /* Debug */,
				FFD102FB14313402007CD221 /* Release */,
			);
			defaultConfigurationIsVisible = 0;
		};
/* End XCConfigurationList section */

/* Begin XCVersionGroup section */
		FFD102EB14313402007CD221 /* DataManagement4.xcdatamodeld */ = {
			isa = XCVersionGroup;
			children = (
				FFD102EC14313402007CD221 /* DataManagement4.xcdatamodel */,
			);
			currentVersion = FFD102EC14313402007CD221 /* DataManagement4.xcdatamodel */;
			path = DataManagement4.xcdatamodeld;
			sourceTree = "<group>";
			versionGroupType = wrapper.xcdatamodel;
		};
/* End XCVersionGroup section */
	};
	rootObject = FFD102CA14313402007CD221 /* Project object */;
}
