// !$*UTF8*$!
{
	archiveVersion = 1;
	classes = {
	};
	objectVersion = 46;
	objects = {

/* Begin PBXBuildFile section */
		96B17C3D1422E43A00FC2B42 /* Address.m in Sources */ = {isa = PBXBuildFile; fileRef = 96B17C331422E43A00FC2B42 /* Address.m */; };
		96B17C411422E43A00FC2B42 /* Person.m in Sources */ = {isa = PBXBuildFile; fileRef = 96B17C3C1422E43A00FC2B42 /* Person.m */; };
		FFF321191422BF15006CB224 /* UIKit.framework in Frameworks */ = {isa = PBXBuildFile; fileRef = FFF321181422BF15006CB224 /* UIKit.framework */; };
		FFF3211B1422BF15006CB224 /* Foundation.framework in Frameworks */ = {isa = PBXBuildFile; fileRef = FFF3211A1422BF15006CB224 /* Foundation.framework */; };
		FFF3211D1422BF15006CB224 /* CoreGraphics.framework in Frameworks */ = {isa = PBXBuildFile; fileRef = FFF3211C1422BF15006CB224 /* CoreGraphics.framework */; };
		FFF321231422BF15006CB224 /* InfoPlist.strings in Resources */ = {isa = PBXBuildFile; fileRef = FFF321211422BF15006CB224 /* InfoPlist.strings */; };
		FFF321261422BF15006CB224 /* main.m in Sources */ = {isa = PBXBuildFile; fileRef = FFF321251422BF15006CB224 /* main.m */; };
		FFF321291422BF15006CB224 /* DataManagement3AppDelegate.m in Sources */ = {isa = PBXBuildFile; fileRef = FFF321281422BF15006CB224 /* DataManagement3AppDelegate.m */; };
		FFF3212C1422BF15006CB224 /* MainWindow.xib in Resources */ = {isa = PBXBuildFile; fileRef = FFF3212A1422BF15006CB224 /* MainWindow.xib */; };
		FFF3212F1422BF15006CB224 /* DataManagement3ViewController.m in Sources */ = {isa = PBXBuildFile; fileRef = FFF3212E1422BF15006CB224 /* DataManagement3ViewController.m */; };
		FFF321321422BF15006CB224 /* DataManagement3ViewController.xib in Resources */ = {isa = PBXBuildFile; fileRef = FFF321301422BF15006CB224 /* DataManagement3ViewController.xib */; };
/* End PBXBuildFile section */

/* Begin PBXFileReference section */
		96B17C321422E43A00FC2B42 /* Address.h */ = {isa = PBXFileReference; fileEncoding = 4; lastKnownFileType = sourcecode.c.h; path = Address.h; sourceTree = "<group>"; };
		96B17C331422E43A00FC2B42 /* Address.m */ = {isa = PBXFileReference; fileEncoding = 4; lastKnownFileType = sourcecode.c.objc; path = Address.m; sourceTree = "<group>"; };
		96B17C3B1422E43A00FC2B42 /* Person.h */ = {isa = PBXFileReference; fileEncoding = 4; lastKnownFileType = sourcecode.c.h; path = Person.h; sourceTree = "<group>"; };
		96B17C3C1422E43A00FC2B42 /* Person.m */ = {isa = PBXFileReference; fileEncoding = 4; lastKnownFileType = sourcecode.c.objc; path = Person.m; sourceTree = "<group>"; };
		FFF321141422BF15006CB224 /* DataManagement3.app */ = {isa = PBXFileReference; explicitFileType = wrapper.application; includeInIndex = 0; path = DataManagement3.app; sourceTree = BUILT_PRODUCTS_DIR; };
		FFF321181422BF15006CB224 /* UIKit.framework */ = {isa = PBXFileReference; lastKnownFileType = wrapper.framework; name = UIKit.framework; path = System/Library/Frameworks/UIKit.framework; sourceTree = SDKROOT; };
		FFF3211A1422BF15006CB224 /* Foundation.framework */ = {isa = PBXFileReference; lastKnownFileType = wrapper.framework; name = Foundation.framework; path = System/Library/Frameworks/Foundation.framework; sourceTree = SDKROOT; };
		FFF3211C1422BF15006CB224 /* CoreGraphics.framework */ = {isa = PBXFileReference; lastKnownFileType = wrapper.framework; name = CoreGraphics.framework; path = System/Library/Frameworks/CoreGraphics.framework; sourceTree = SDKROOT; };
		FFF321201422BF15006CB224 /* DataManagement3-Info.plist */ = {isa = PBXFileReference; lastKnownFileType = text.plist.xml; path = "DataManagement3-Info.plist"; sourceTree = "<group>"; };
		FFF321221422BF15006CB224 /* en */ = {isa = PBXFileReference; lastKnownFileType = text.plist.strings; name = en; path = en.lproj/InfoPlist.strings; sourceTree = "<group>"; };
		FFF321241422BF15006CB224 /* DataManagement3-Prefix.pch */ = {isa = PBXFileReference; lastKnownFileType = sourcecode.c.h; path = "DataManagement3-Prefix.pch"; sourceTree = "<group>"; };
		FFF321251422BF15006CB224 /* main.m */ = {isa = PBXFileReference; lastKnownFileType = sourcecode.c.objc; path = main.m; sourceTree = "<group>"; };
		FFF321271422BF15006CB224 /* DataManagement3AppDelegate.h */ = {isa = PBXFileReference; lastKnownFileType = sourcecode.c.h; path = DataManagement3AppDelegate.h; sourceTree = "<group>"; };
		FFF321281422BF15006CB224 /* DataManagement3AppDelegate.m */ = {isa = PBXFileReference; lastKnownFileType = sourcecode.c.objc; path = DataManagement3AppDelegate.m; sourceTree = "<group>"; };
		FFF3212B1422BF15006CB224 /* en */ = {isa = PBXFileReference; lastKnownFileType = file.xib; name = en; path = en.lproj/MainWindow.xib; sourceTree = "<group>"; };
		FFF3212D1422BF15006CB224 /* DataManagement3ViewController.h */ = {isa = PBXFileReference; lastKnownFileType = sourcecode.c.h; path = DataManagement3ViewController.h; sourceTree = "<group>"; };
		FFF3212E1422BF15006CB224 /* DataManagement3ViewController.m */ = {isa = PBXFileReference; lastKnownFileType = sourcecode.c.objc; path = DataManagement3ViewController.m; sourceTree = "<group>"; };
		FFF321311422BF15006CB224 /* en */ = {isa = PBXFileReference; lastKnownFileType = file.xib; name = en; path = en.lproj/DataManagement3ViewController.xib; sourceTree = "<group>"; };
/* End PBXFileReference section */

/* Begin PBXFrameworksBuildPhase section */
		FFF321111422BF15006CB224 /* Frameworks */ = {
			isa = PBXFrameworksBuildPhase;
			buildActionMask = 2147483647;
			files = (
				FFF321191422BF15006CB224 /* UIKit.framework in Frameworks */,
				FFF3211B1422BF15006CB224 /* Foundation.framework in Frameworks */,
				FFF3211D1422BF15006CB224 /* CoreGraphics.framework in Frameworks */,
			);
			runOnlyForDeploymentPostprocessing = 0;
		};
/* End PBXFrameworksBuildPhase section */

/* Begin PBXGroup section */
		FFF321091422BF15006CB224 = {
			isa = PBXGroup;
			children = (
				FFF3211E1422BF15006CB224 /* DataManagement3 */,
				FFF321171422BF15006CB224 /* Frameworks */,
				FFF321151422BF15006CB224 /* Products */,
			);
			sourceTree = "<group>";
		};
		FFF321151422BF15006CB224 /* Products */ = {
			isa = PBXGroup;
			children = (
				FFF321141422BF15006CB224 /* DataManagement3.app */,
			);
			name = Products;
			sourceTree = "<group>";
		};
		FFF321171422BF15006CB224 /* Frameworks */ = {
			isa = PBXGroup;
			children = (
				FFF321181422BF15006CB224 /* UIKit.framework */,
				FFF3211A1422BF15006CB224 /* Foundation.framework */,
				FFF3211C1422BF15006CB224 /* CoreGraphics.framework */,
			);
			name = Frameworks;
			sourceTree = "<group>";
		};
		FFF3211E1422BF15006CB224 /* DataManagement3 */ = {
			isa = PBXGroup;
			children = (
				96B17C321422E43A00FC2B42 /* Address.h */,
				96B17C331422E43A00FC2B42 /* Address.m */,
				96B17C3B1422E43A00FC2B42 /* Person.h */,
				96B17C3C1422E43A00FC2B42 /* Person.m */,
				FFF321271422BF15006CB224 /* DataManagement3AppDelegate.h */,
				FFF321281422BF15006CB224 /* DataManagement3AppDelegate.m */,
				FFF3212A1422BF15006CB224 /* MainWindow.xib */,
				FFF3212D1422BF15006CB224 /* DataManagement3ViewController.h */,
				FFF3212E1422BF15006CB224 /* DataManagement3ViewController.m */,
				FFF321301422BF15006CB224 /* DataManagement3ViewController.xib */,
				FFF3211F1422BF15006CB224 /* Supporting Files */,
			);
			path = DataManagement3;
			sourceTree = "<group>";
		};
		FFF3211F1422BF15006CB224 /* Supporting Files */ = {
			isa = PBXGroup;
			children = (
				FFF321201422BF15006CB224 /* DataManagement3-Info.plist */,
				FFF321211422BF15006CB224 /* InfoPlist.strings */,
				FFF321241422BF15006CB224 /* DataManagement3-Prefix.pch */,
				FFF321251422BF15006CB224 /* main.m */,
			);
			name = "Supporting Files";
			sourceTree = "<group>";
		};
/* End PBXGroup section */

/* Begin PBXNativeTarget section */
		FFF321131422BF15006CB224 /* DataManagement3 */ = {
			isa = PBXNativeTarget;
			buildConfigurationList = FFF321351422BF15006CB224 /* Build configuration list for PBXNativeTarget "DataManagement3" */;
			buildPhases = (
				FFF321101422BF15006CB224 /* Sources */,
				FFF321111422BF15006CB224 /* Frameworks */,
				FFF321121422BF15006CB224 /* Resources */,
			);
			buildRules = (
			);
			dependencies = (
			);
			name = DataManagement3;
			productName = DataManagement3;
			productReference = FFF321141422BF15006CB224 /* DataManagement3.app */;
			productType = "com.apple.product-type.application";
		};
/* End PBXNativeTarget section */

/* Begin PBXProject section */
		FFF3210B1422BF15006CB224 /* Project object */ = {
			isa = PBXProject;
			attributes = {
				ORGANIZATIONNAME = Commonsense;
			};
			buildConfigurationList = FFF3210E1422BF15006CB224 /* Build configuration list for PBXProject "DataManagement3" */;
			compatibilityVersion = "Xcode 3.2";
			developmentRegion = English;
			hasScannedForEncodings = 0;
			knownRegions = (
				en,
			);
			mainGroup = FFF321091422BF15006CB224;
			productRefGroup = FFF321151422BF15006CB224 /* Products */;
			projectDirPath = "";
			projectRoot = "";
			targets = (
				FFF321131422BF15006CB224 /* DataManagement3 */,
			);
		};
/* End PBXProject section */

/* Begin PBXResourcesBuildPhase section */
		FFF321121422BF15006CB224 /* Resources */ = {
			isa = PBXResourcesBuildPhase;
			buildActionMask = 2147483647;
			files = (
				FFF321231422BF15006CB224 /* InfoPlist.strings in Resources */,
				FFF3212C1422BF15006CB224 /* MainWindow.xib in Resources */,
				FFF321321422BF15006CB224 /* DataManagement3ViewController.xib in Resources */,
			);
			runOnlyForDeploymentPostprocessing = 0;
		};
/* End PBXResourcesBuildPhase section */

/* Begin PBXSourcesBuildPhase section */
		FFF321101422BF15006CB224 /* Sources */ = {
			isa = PBXSourcesBuildPhase;
			buildActionMask = 2147483647;
			files = (
				FFF321261422BF15006CB224 /* main.m in Sources */,
				FFF321291422BF15006CB224 /* DataManagement3AppDelegate.m in Sources */,
				FFF3212F1422BF15006CB224 /* DataManagement3ViewController.m in Sources */,
				96B17C3D1422E43A00FC2B42 /* Address.m in Sources */,
				96B17C411422E43A00FC2B42 /* Person.m in Sources */,
			);
			runOnlyForDeploymentPostprocessing = 0;
		};
/* End PBXSourcesBuildPhase section */

/* Begin PBXVariantGroup section */
		FFF321211422BF15006CB224 /* InfoPlist.strings */ = {
			isa = PBXVariantGroup;
			children = (
				FFF321221422BF15006CB224 /* en */,
			);
			name = InfoPlist.strings;
			sourceTree = "<group>";
		};
		FFF3212A1422BF15006CB224 /* MainWindow.xib */ = {
			isa = PBXVariantGroup;
			children = (
				FFF3212B1422BF15006CB224 /* en */,
			);
			name = MainWindow.xib;
			sourceTree = "<group>";
		};
		FFF321301422BF15006CB224 /* DataManagement3ViewController.xib */ = {
			isa = PBXVariantGroup;
			children = (
				FFF321311422BF15006CB224 /* en */,
			);
			name = DataManagement3ViewController.xib;
			sourceTree = "<group>";
		};
/* End PBXVariantGroup section */

/* Begin XCBuildConfiguration section */
		FFF321331422BF15006CB224 /* Debug */ = {
			isa = XCBuildConfiguration;
			buildSettings = {
				ARCHS = "$(ARCHS_STANDARD_32_BIT)";
				"CODE_SIGN_IDENTITY[sdk=iphoneos*]" = "iPhone Developer";
				GCC_C_LANGUAGE_STANDARD = gnu99;
				GCC_OPTIMIZATION_LEVEL = 0;
				GCC_PREPROCESSOR_DEFINITIONS = DEBUG;
				GCC_SYMBOLS_PRIVATE_EXTERN = NO;
				GCC_VERSION = com.apple.compilers.llvmgcc42;
				GCC_WARN_ABOUT_RETURN_TYPE = YES;
				GCC_WARN_UNUSED_VARIABLE = YES;
				IPHONEOS_DEPLOYMENT_TARGET = 4.3;
				SDKROOT = iphoneos;
			};
			name = Debug;
		};
		FFF321341422BF15006CB224 /* Release */ = {
			isa = XCBuildConfiguration;
			buildSettings = {
				ARCHS = "$(ARCHS_STANDARD_32_BIT)";
				"CODE_SIGN_IDENTITY[sdk=iphoneos*]" = "iPhone Developer";
				GCC_C_LANGUAGE_STANDARD = gnu99;
				GCC_VERSION = com.apple.compilers.llvmgcc42;
				GCC_WARN_ABOUT_RETURN_TYPE = YES;
				GCC_WARN_UNUSED_VARIABLE = YES;
				IPHONEOS_DEPLOYMENT_TARGET = 4.3;
				OTHER_CFLAGS = "-DNS_BLOCK_ASSERTIONS=1";
				SDKROOT = iphoneos;
			};
			name = Release;
		};
		FFF321361422BF15006CB224 /* Debug */ = {
			isa = XCBuildConfiguration;
			buildSettings = {
				ALWAYS_SEARCH_USER_PATHS = NO;
				CLANG_ENABLE_OBJC_ARC = YES;
				COPY_PHASE_STRIP = NO;
				GCC_DYNAMIC_NO_PIC = NO;
				GCC_PRECOMPILE_PREFIX_HEADER = YES;
				GCC_PREFIX_HEADER = "DataManagement3/DataManagement3-Prefix.pch";
				GCC_VERSION = com.apple.compilers.llvm.clang.1_0;
				INFOPLIST_FILE = "DataManagement3/DataManagement3-Info.plist";
				PRODUCT_NAME = "$(TARGET_NAME)";
				WRAPPER_EXTENSION = app;
			};
			name = Debug;
		};
		FFF321371422BF15006CB224 /* Release */ = {
			isa = XCBuildConfiguration;
			buildSettings = {
				ALWAYS_SEARCH_USER_PATHS = NO;
				CLANG_ENABLE_OBJC_ARC = YES;
				COPY_PHASE_STRIP = YES;
				GCC_PRECOMPILE_PREFIX_HEADER = YES;
				GCC_PREFIX_HEADER = "DataManagement3/DataManagement3-Prefix.pch";
				GCC_VERSION = com.apple.compilers.llvm.clang.1_0;
				INFOPLIST_FILE = "DataManagement3/DataManagement3-Info.plist";
				PRODUCT_NAME = "$(TARGET_NAME)";
				VALIDATE_PRODUCT = YES;
				WRAPPER_EXTENSION = app;
			};
			name = Release;
		};
/* End XCBuildConfiguration section */

/* Begin XCConfigurationList section */
		FFF3210E1422BF15006CB224 /* Build configuration list for PBXProject "DataManagement3" */ = {
			isa = XCConfigurationList;
			buildConfigurations = (
				FFF321331422BF15006CB224 /* Debug */,
				FFF321341422BF15006CB224 /* Release */,
			);
			defaultConfigurationIsVisible = 0;
			defaultConfigurationName = Release;
		};
		FFF321351422BF15006CB224 /* Build configuration list for PBXNativeTarget "DataManagement3" */ = {
			isa = XCConfigurationList;
			buildConfigurations = (
				FFF321361422BF15006CB224 /* Debug */,
				FFF321371422BF15006CB224 /* Release */,
			);
			defaultConfigurationIsVisible = 0;
			defaultConfigurationName = Release;
		};
/* End XCConfigurationList section */
	};
	rootObject = FFF3210B1422BF15006CB224 /* Project object */;
}
